// !$*UTF8*$!
{
	archiveVersion = 1;
	classes = {
	};
	objectVersion = 56;
	objects = {

/* Begin PBXBuildFile section */
		14092F862C2BABA900B4ECB5 /* CategoryCollectionViewCell.swift in Sources */ = {isa = PBXBuildFile; fileRef = 14092F842C2BABA900B4ECB5 /* CategoryCollectionViewCell.swift */; };
		14092F872C2BABA900B4ECB5 /* CategoryCollectionViewCell.xib in Resources */ = {isa = PBXBuildFile; fileRef = 14092F852C2BABA900B4ECB5 /* CategoryCollectionViewCell.xib */; };
		14092F892C2BB6F700B4ECB5 /* MineBgView.swift in Sources */ = {isa = PBXBuildFile; fileRef = 14092F882C2BB6F700B4ECB5 /* MineBgView.swift */; };
		14092F8B2C2BB6FD00B4ECB5 /* MineBgView.xib in Resources */ = {isa = PBXBuildFile; fileRef = 14092F8A2C2BB6FD00B4ECB5 /* MineBgView.xib */; };
		14092F8E2C2BDFCA00B4ECB5 /* LoginViewController.swift in Sources */ = {isa = PBXBuildFile; fileRef = 14092F8C2C2BDFCA00B4ECB5 /* LoginViewController.swift */; };
		14092F8F2C2BDFCA00B4ECB5 /* LoginViewController.xib in Resources */ = {isa = PBXBuildFile; fileRef = 14092F8D2C2BDFCA00B4ECB5 /* LoginViewController.xib */; };
		14092F912C2BECFB00B4ECB5 /* LoginModel.swift in Sources */ = {isa = PBXBuildFile; fileRef = 14092F902C2BECFB00B4ECB5 /* LoginModel.swift */; };
		14BA6FB72C2905EC0066E831 /* AppDelegate.swift in Sources */ = {isa = PBXBuildFile; fileRef = 14BA6FB62C2905EC0066E831 /* AppDelegate.swift */; };
		14BA6FC12C2905EC0066E831 /* swift_shopping.xcdatamodeld in Sources */ = {isa = PBXBuildFile; fileRef = 14BA6FBF2C2905EC0066E831 /* swift_shopping.xcdatamodeld */; };
		14BA6FC32C2905EF0066E831 /* Assets.xcassets in Resources */ = {isa = PBXBuildFile; fileRef = 14BA6FC22C2905EF0066E831 /* Assets.xcassets */; };
		14BA6FC62C2905EF0066E831 /* LaunchScreen.storyboard in Resources */ = {isa = PBXBuildFile; fileRef = 14BA6FC42C2905EF0066E831 /* LaunchScreen.storyboard */; };
		14BA6FD12C2905EF0066E831 /* swift_shoppingTests.swift in Sources */ = {isa = PBXBuildFile; fileRef = 14BA6FD02C2905EF0066E831 /* swift_shoppingTests.swift */; };
		14BA6FDB2C2905EF0066E831 /* swift_shoppingUITests.swift in Sources */ = {isa = PBXBuildFile; fileRef = 14BA6FDA2C2905EF0066E831 /* swift_shoppingUITests.swift */; };
		14BA6FDD2C2905EF0066E831 /* swift_shoppingUITestsLaunchTests.swift in Sources */ = {isa = PBXBuildFile; fileRef = 14BA6FDC2C2905EF0066E831 /* swift_shoppingUITestsLaunchTests.swift */; };
		14E0B48C2C29195F0021ED24 /* MyNavigationController.swift in Sources */ = {isa = PBXBuildFile; fileRef = 14E0B48B2C29195F0021ED24 /* MyNavigationController.swift */; };
		14E0B48E2C29199A0021ED24 /* MyTabBarController.swift in Sources */ = {isa = PBXBuildFile; fileRef = 14E0B48D2C29199A0021ED24 /* MyTabBarController.swift */; };
		14E0B4A62C291A5D0021ED24 /* BaseViewController.swift in Sources */ = {isa = PBXBuildFile; fileRef = 14E0B4A52C291A5D0021ED24 /* BaseViewController.swift */; };
		14E0B4A82C291A7E0021ED24 /* HomeViewController.swift in Sources */ = {isa = PBXBuildFile; fileRef = 14E0B4A72C291A7E0021ED24 /* HomeViewController.swift */; };
		14E0B4AA2C291A950021ED24 /* CategoryViewController.swift in Sources */ = {isa = PBXBuildFile; fileRef = 14E0B4A92C291A950021ED24 /* CategoryViewController.swift */; };
		14E0B4AC2C291AA20021ED24 /* MineViewController.swift in Sources */ = {isa = PBXBuildFile; fileRef = 14E0B4AB2C291AA20021ED24 /* MineViewController.swift */; };
		14E0B4AE2C291AAE0021ED24 /* CartViewController.swift in Sources */ = {isa = PBXBuildFile; fileRef = 14E0B4AD2C291AAE0021ED24 /* CartViewController.swift */; };
		14E0B4B42C2938140021ED24 /* LNNetworkConfiguration.swift in Sources */ = {isa = PBXBuildFile; fileRef = 14E0B4B02C2938140021ED24 /* LNNetworkConfiguration.swift */; };
		14E0B4B52C2938140021ED24 /* LNNetworkManager.swift in Sources */ = {isa = PBXBuildFile; fileRef = 14E0B4B12C2938140021ED24 /* LNNetworkManager.swift */; };
		14E0B4B62C2938140021ED24 /* LNBaseRequest.swift in Sources */ = {isa = PBXBuildFile; fileRef = 14E0B4B22C2938140021ED24 /* LNBaseRequest.swift */; };
		14E0B4B72C2938140021ED24 /* LNRequest.swift in Sources */ = {isa = PBXBuildFile; fileRef = 14E0B4B32C2938140021ED24 /* LNRequest.swift */; };
		14E0B4C22C29592A0021ED24 /* HomeModel.swift in Sources */ = {isa = PBXBuildFile; fileRef = 14E0B4C12C29592A0021ED24 /* HomeModel.swift */; };
		14E0B4C52C296B4C0021ED24 /* GoodsListTableViewCell.swift in Sources */ = {isa = PBXBuildFile; fileRef = 14E0B4C32C296B4C0021ED24 /* GoodsListTableViewCell.swift */; };
		14E0B4C62C296B4C0021ED24 /* GoodsListTableViewCell.xib in Resources */ = {isa = PBXBuildFile; fileRef = 14E0B4C42C296B4C0021ED24 /* GoodsListTableViewCell.xib */; };
		14FF14B42C2A5CAB008BF1C4 /* GlobalConfig.swift in Sources */ = {isa = PBXBuildFile; fileRef = 14FF14B32C2A5CAB008BF1C4 /* GlobalConfig.swift */; };
		14FF14B72C2A65E6008BF1C4 /* LoadingViewController.swift in Sources */ = {isa = PBXBuildFile; fileRef = 14FF14B52C2A65E6008BF1C4 /* LoadingViewController.swift */; };
		14FF14B82C2A65E6008BF1C4 /* LoadingViewController.xib in Resources */ = {isa = PBXBuildFile; fileRef = 14FF14B62C2A65E6008BF1C4 /* LoadingViewController.xib */; };
		14FF14BA2C2A6B8B008BF1C4 /* UIDevice+K_Addition.swift in Sources */ = {isa = PBXBuildFile; fileRef = 14FF14B92C2A6B8B008BF1C4 /* UIDevice+K_Addition.swift */; };
		14FF14BC2C2A6E92008BF1C4 /* HomeViewController.xib in Resources */ = {isa = PBXBuildFile; fileRef = 14FF14BB2C2A6E92008BF1C4 /* HomeViewController.xib */; };
		14FF14BE2C2A71EF008BF1C4 /* HomeBannerView.swift in Sources */ = {isa = PBXBuildFile; fileRef = 14FF14BD2C2A71EF008BF1C4 /* HomeBannerView.swift */; };
		14FF14C22C2A7228008BF1C4 /* HomeCollectionView.swift in Sources */ = {isa = PBXBuildFile; fileRef = 14FF14C12C2A7228008BF1C4 /* HomeCollectionView.swift */; };
		14FF14C72C2A7264008BF1C4 /* HomeCollectionViewCell.swift in Sources */ = {isa = PBXBuildFile; fileRef = 14FF14C52C2A7264008BF1C4 /* HomeCollectionViewCell.swift */; };
		14FF14C82C2A7264008BF1C4 /* HomeCollectionViewCell.xib in Resources */ = {isa = PBXBuildFile; fileRef = 14FF14C62C2A7264008BF1C4 /* HomeCollectionViewCell.xib */; };
		14FF14CB2C2AB6CB008BF1C4 /* SearchHistoryViewController.swift in Sources */ = {isa = PBXBuildFile; fileRef = 14FF14C92C2AB6CB008BF1C4 /* SearchHistoryViewController.swift */; };
		14FF14CC2C2AB6CC008BF1C4 /* SearchHistoryViewController.xib in Resources */ = {isa = PBXBuildFile; fileRef = 14FF14CA2C2AB6CB008BF1C4 /* SearchHistoryViewController.xib */; };
		14FF14CE2C2AB912008BF1C4 /* CategoryViewController.xib in Resources */ = {isa = PBXBuildFile; fileRef = 14FF14CD2C2AB912008BF1C4 /* CategoryViewController.xib */; };
		14FF14D02C2AC0B3008BF1C4 /* CategoryModel.swift in Sources */ = {isa = PBXBuildFile; fileRef = 14FF14CF2C2AC0B2008BF1C4 /* CategoryModel.swift */; };
		8B99BB622C2C4BB60074307B /* SearchHistoryCollectionViewCell.swift in Sources */ = {isa = PBXBuildFile; fileRef = 8B99BB602C2C4BB60074307B /* SearchHistoryCollectionViewCell.swift */; };
		8B99BB632C2C4BB60074307B /* SearchHistoryCollectionViewCell.xib in Resources */ = {isa = PBXBuildFile; fileRef = 8B99BB612C2C4BB60074307B /* SearchHistoryCollectionViewCell.xib */; };
		8B99BB662C2C52F50074307B /* SearchResultViewController.swift in Sources */ = {isa = PBXBuildFile; fileRef = 8B99BB642C2C52F50074307B /* SearchResultViewController.swift */; };
		8B99BB672C2C52F50074307B /* SearchResultViewController.xib in Resources */ = {isa = PBXBuildFile; fileRef = 8B99BB652C2C52F50074307B /* SearchResultViewController.xib */; };
		8F5582FAC8A34EAB548FEFAD /* Pods_swift_shopping.framework in Frameworks */ = {isa = PBXBuildFile; fileRef = 5E7FDBD82B9E9B0026170574 /* Pods_swift_shopping.framework */; };
/* End PBXBuildFile section */

/* Begin PBXContainerItemProxy section */
		14BA6FCD2C2905EF0066E831 /* PBXContainerItemProxy */ = {
			isa = PBXContainerItemProxy;
			containerPortal = 14BA6FAB2C2905EC0066E831 /* Project object */;
			proxyType = 1;
			remoteGlobalIDString = 14BA6FB22C2905EC0066E831;
			remoteInfo = "swift-shopping";
		};
		14BA6FD72C2905EF0066E831 /* PBXContainerItemProxy */ = {
			isa = PBXContainerItemProxy;
			containerPortal = 14BA6FAB2C2905EC0066E831 /* Project object */;
			proxyType = 1;
			remoteGlobalIDString = 14BA6FB22C2905EC0066E831;
			remoteInfo = "swift-shopping";
		};
/* End PBXContainerItemProxy section */

/* Begin PBXFileReference section */
		14092F842C2BABA900B4ECB5 /* CategoryCollectionViewCell.swift */ = {isa = PBXFileReference; lastKnownFileType = sourcecode.swift; path = CategoryCollectionViewCell.swift; sourceTree = "<group>"; };
		14092F852C2BABA900B4ECB5 /* CategoryCollectionViewCell.xib */ = {isa = PBXFileReference; lastKnownFileType = file.xib; path = CategoryCollectionViewCell.xib; sourceTree = "<group>"; };
		14092F882C2BB6F700B4ECB5 /* MineBgView.swift */ = {isa = PBXFileReference; lastKnownFileType = sourcecode.swift; path = MineBgView.swift; sourceTree = "<group>"; };
		14092F8A2C2BB6FD00B4ECB5 /* MineBgView.xib */ = {isa = PBXFileReference; lastKnownFileType = file.xib; path = MineBgView.xib; sourceTree = "<group>"; };
		14092F8C2C2BDFCA00B4ECB5 /* LoginViewController.swift */ = {isa = PBXFileReference; lastKnownFileType = sourcecode.swift; path = LoginViewController.swift; sourceTree = "<group>"; };
		14092F8D2C2BDFCA00B4ECB5 /* LoginViewController.xib */ = {isa = PBXFileReference; lastKnownFileType = file.xib; path = LoginViewController.xib; sourceTree = "<group>"; };
		14092F902C2BECFB00B4ECB5 /* LoginModel.swift */ = {isa = PBXFileReference; lastKnownFileType = sourcecode.swift; path = LoginModel.swift; sourceTree = "<group>"; };
		14BA6FB32C2905EC0066E831 /* swift-shopping.app */ = {isa = PBXFileReference; explicitFileType = wrapper.application; includeInIndex = 0; path = "swift-shopping.app"; sourceTree = BUILT_PRODUCTS_DIR; };
		14BA6FB62C2905EC0066E831 /* AppDelegate.swift */ = {isa = PBXFileReference; lastKnownFileType = sourcecode.swift; path = AppDelegate.swift; sourceTree = "<group>"; };
		14BA6FC02C2905EC0066E831 /* swift_shopping.xcdatamodel */ = {isa = PBXFileReference; lastKnownFileType = wrapper.xcdatamodel; path = swift_shopping.xcdatamodel; sourceTree = "<group>"; };
		14BA6FC22C2905EF0066E831 /* Assets.xcassets */ = {isa = PBXFileReference; lastKnownFileType = folder.assetcatalog; path = Assets.xcassets; sourceTree = "<group>"; };
		14BA6FC52C2905EF0066E831 /* Base */ = {isa = PBXFileReference; lastKnownFileType = file.storyboard; name = Base; path = Base.lproj/LaunchScreen.storyboard; sourceTree = "<group>"; };
		14BA6FC72C2905EF0066E831 /* Info.plist */ = {isa = PBXFileReference; lastKnownFileType = text.plist.xml; path = Info.plist; sourceTree = "<group>"; };
		14BA6FCC2C2905EF0066E831 /* swift-shoppingTests.xctest */ = {isa = PBXFileReference; explicitFileType = wrapper.cfbundle; includeInIndex = 0; path = "swift-shoppingTests.xctest"; sourceTree = BUILT_PRODUCTS_DIR; };
		14BA6FD02C2905EF0066E831 /* swift_shoppingTests.swift */ = {isa = PBXFileReference; lastKnownFileType = sourcecode.swift; path = swift_shoppingTests.swift; sourceTree = "<group>"; };
		14BA6FD62C2905EF0066E831 /* swift-shoppingUITests.xctest */ = {isa = PBXFileReference; explicitFileType = wrapper.cfbundle; includeInIndex = 0; path = "swift-shoppingUITests.xctest"; sourceTree = BUILT_PRODUCTS_DIR; };
		14BA6FDA2C2905EF0066E831 /* swift_shoppingUITests.swift */ = {isa = PBXFileReference; lastKnownFileType = sourcecode.swift; path = swift_shoppingUITests.swift; sourceTree = "<group>"; };
		14BA6FDC2C2905EF0066E831 /* swift_shoppingUITestsLaunchTests.swift */ = {isa = PBXFileReference; lastKnownFileType = sourcecode.swift; path = swift_shoppingUITestsLaunchTests.swift; sourceTree = "<group>"; };
		14E0B48B2C29195F0021ED24 /* MyNavigationController.swift */ = {isa = PBXFileReference; lastKnownFileType = sourcecode.swift; path = MyNavigationController.swift; sourceTree = "<group>"; };
		14E0B48D2C29199A0021ED24 /* MyTabBarController.swift */ = {isa = PBXFileReference; lastKnownFileType = sourcecode.swift; path = MyTabBarController.swift; sourceTree = "<group>"; };
		14E0B4A52C291A5D0021ED24 /* BaseViewController.swift */ = {isa = PBXFileReference; lastKnownFileType = sourcecode.swift; path = BaseViewController.swift; sourceTree = "<group>"; };
		14E0B4A72C291A7E0021ED24 /* HomeViewController.swift */ = {isa = PBXFileReference; lastKnownFileType = sourcecode.swift; path = HomeViewController.swift; sourceTree = "<group>"; };
		14E0B4A92C291A950021ED24 /* CategoryViewController.swift */ = {isa = PBXFileReference; lastKnownFileType = sourcecode.swift; path = CategoryViewController.swift; sourceTree = "<group>"; };
		14E0B4AB2C291AA20021ED24 /* MineViewController.swift */ = {isa = PBXFileReference; lastKnownFileType = sourcecode.swift; path = MineViewController.swift; sourceTree = "<group>"; };
		14E0B4AD2C291AAE0021ED24 /* CartViewController.swift */ = {isa = PBXFileReference; lastKnownFileType = sourcecode.swift; path = CartViewController.swift; sourceTree = "<group>"; };
		14E0B4B02C2938140021ED24 /* LNNetworkConfiguration.swift */ = {isa = PBXFileReference; fileEncoding = 4; lastKnownFileType = sourcecode.swift; path = LNNetworkConfiguration.swift; sourceTree = "<group>"; };
		14E0B4B12C2938140021ED24 /* LNNetworkManager.swift */ = {isa = PBXFileReference; fileEncoding = 4; lastKnownFileType = sourcecode.swift; path = LNNetworkManager.swift; sourceTree = "<group>"; };
		14E0B4B22C2938140021ED24 /* LNBaseRequest.swift */ = {isa = PBXFileReference; fileEncoding = 4; lastKnownFileType = sourcecode.swift; path = LNBaseRequest.swift; sourceTree = "<group>"; };
		14E0B4B32C2938140021ED24 /* LNRequest.swift */ = {isa = PBXFileReference; fileEncoding = 4; lastKnownFileType = sourcecode.swift; path = LNRequest.swift; sourceTree = "<group>"; };
		14E0B4C12C29592A0021ED24 /* HomeModel.swift */ = {isa = PBXFileReference; lastKnownFileType = sourcecode.swift; path = HomeModel.swift; sourceTree = "<group>"; };
		14E0B4C32C296B4C0021ED24 /* GoodsListTableViewCell.swift */ = {isa = PBXFileReference; lastKnownFileType = sourcecode.swift; path = GoodsListTableViewCell.swift; sourceTree = "<group>"; };
		14E0B4C42C296B4C0021ED24 /* GoodsListTableViewCell.xib */ = {isa = PBXFileReference; lastKnownFileType = file.xib; path = GoodsListTableViewCell.xib; sourceTree = "<group>"; };
		14FF14B32C2A5CAB008BF1C4 /* GlobalConfig.swift */ = {isa = PBXFileReference; lastKnownFileType = sourcecode.swift; path = GlobalConfig.swift; sourceTree = "<group>"; };
		14FF14B52C2A65E6008BF1C4 /* LoadingViewController.swift */ = {isa = PBXFileReference; lastKnownFileType = sourcecode.swift; path = LoadingViewController.swift; sourceTree = "<group>"; };
		14FF14B62C2A65E6008BF1C4 /* LoadingViewController.xib */ = {isa = PBXFileReference; lastKnownFileType = file.xib; path = LoadingViewController.xib; sourceTree = "<group>"; };
		14FF14B92C2A6B8B008BF1C4 /* UIDevice+K_Addition.swift */ = {isa = PBXFileReference; lastKnownFileType = sourcecode.swift; path = "UIDevice+K_Addition.swift"; sourceTree = "<group>"; };
		14FF14BB2C2A6E92008BF1C4 /* HomeViewController.xib */ = {isa = PBXFileReference; lastKnownFileType = file.xib; path = HomeViewController.xib; sourceTree = "<group>"; };
		14FF14BD2C2A71EF008BF1C4 /* HomeBannerView.swift */ = {isa = PBXFileReference; lastKnownFileType = sourcecode.swift; path = HomeBannerView.swift; sourceTree = "<group>"; };
		14FF14C12C2A7228008BF1C4 /* HomeCollectionView.swift */ = {isa = PBXFileReference; lastKnownFileType = sourcecode.swift; path = HomeCollectionView.swift; sourceTree = "<group>"; };
		14FF14C52C2A7264008BF1C4 /* HomeCollectionViewCell.swift */ = {isa = PBXFileReference; lastKnownFileType = sourcecode.swift; path = HomeCollectionViewCell.swift; sourceTree = "<group>"; };
		14FF14C62C2A7264008BF1C4 /* HomeCollectionViewCell.xib */ = {isa = PBXFileReference; lastKnownFileType = file.xib; path = HomeCollectionViewCell.xib; sourceTree = "<group>"; };
		14FF14C92C2AB6CB008BF1C4 /* SearchHistoryViewController.swift */ = {isa = PBXFileReference; lastKnownFileType = sourcecode.swift; path = SearchHistoryViewController.swift; sourceTree = "<group>"; };
		14FF14CA2C2AB6CB008BF1C4 /* SearchHistoryViewController.xib */ = {isa = PBXFileReference; lastKnownFileType = file.xib; path = SearchHistoryViewController.xib; sourceTree = "<group>"; };
		14FF14CD2C2AB912008BF1C4 /* CategoryViewController.xib */ = {isa = PBXFileReference; lastKnownFileType = file.xib; path = CategoryViewController.xib; sourceTree = "<group>"; };
		14FF14CF2C2AC0B2008BF1C4 /* CategoryModel.swift */ = {isa = PBXFileReference; lastKnownFileType = sourcecode.swift; path = CategoryModel.swift; sourceTree = "<group>"; };
		5BD6B247F28FA72762D98ACE /* Pods-swift-shopping.debug.xcconfig */ = {isa = PBXFileReference; includeInIndex = 1; lastKnownFileType = text.xcconfig; name = "Pods-swift-shopping.debug.xcconfig"; path = "Target Support Files/Pods-swift-shopping/Pods-swift-shopping.debug.xcconfig"; sourceTree = "<group>"; };
		5E7FDBD82B9E9B0026170574 /* Pods_swift_shopping.framework */ = {isa = PBXFileReference; explicitFileType = wrapper.framework; includeInIndex = 0; path = Pods_swift_shopping.framework; sourceTree = BUILT_PRODUCTS_DIR; };
		8B99BB602C2C4BB60074307B /* SearchHistoryCollectionViewCell.swift */ = {isa = PBXFileReference; lastKnownFileType = sourcecode.swift; path = SearchHistoryCollectionViewCell.swift; sourceTree = "<group>"; };
		8B99BB612C2C4BB60074307B /* SearchHistoryCollectionViewCell.xib */ = {isa = PBXFileReference; lastKnownFileType = file.xib; path = SearchHistoryCollectionViewCell.xib; sourceTree = "<group>"; };
		8B99BB642C2C52F50074307B /* SearchResultViewController.swift */ = {isa = PBXFileReference; lastKnownFileType = sourcecode.swift; path = SearchResultViewController.swift; sourceTree = "<group>"; };
		8B99BB652C2C52F50074307B /* SearchResultViewController.xib */ = {isa = PBXFileReference; lastKnownFileType = file.xib; path = SearchResultViewController.xib; sourceTree = "<group>"; };
		E7D8005E74C163800BA91BB9 /* Pods-swift-shopping.release.xcconfig */ = {isa = PBXFileReference; includeInIndex = 1; lastKnownFileType = text.xcconfig; name = "Pods-swift-shopping.release.xcconfig"; path = "Target Support Files/Pods-swift-shopping/Pods-swift-shopping.release.xcconfig"; sourceTree = "<group>"; };
/* End PBXFileReference section */

/* Begin PBXFrameworksBuildPhase section */
		14BA6FB02C2905EC0066E831 /* Frameworks */ = {
			isa = PBXFrameworksBuildPhase;
			buildActionMask = 2147483647;
			files = (
				8F5582FAC8A34EAB548FEFAD /* Pods_swift_shopping.framework in Frameworks */,
			);
			runOnlyForDeploymentPostprocessing = 0;
		};
		14BA6FC92C2905EF0066E831 /* Frameworks */ = {
			isa = PBXFrameworksBuildPhase;
			buildActionMask = 2147483647;
			files = (
			);
			runOnlyForDeploymentPostprocessing = 0;
		};
		14BA6FD32C2905EF0066E831 /* Frameworks */ = {
			isa = PBXFrameworksBuildPhase;
			buildActionMask = 2147483647;
			files = (
			);
			runOnlyForDeploymentPostprocessing = 0;
		};
/* End PBXFrameworksBuildPhase section */

/* Begin PBXGroup section */
		14BA6FAA2C2905EC0066E831 = {
			isa = PBXGroup;
			children = (
				14BA6FB52C2905EC0066E831 /* swift-shopping */,
				14BA6FCF2C2905EF0066E831 /* swift-shoppingTests */,
				14BA6FD92C2905EF0066E831 /* swift-shoppingUITests */,
				14BA6FB42C2905EC0066E831 /* Products */,
				7DEEF9B6B7AF0F02973AFF38 /* Pods */,
				E998E2D22F97A61BD0C09CCC /* Frameworks */,
			);
			sourceTree = "<group>";
		};
		14BA6FB42C2905EC0066E831 /* Products */ = {
			isa = PBXGroup;
			children = (
				14BA6FB32C2905EC0066E831 /* swift-shopping.app */,
				14BA6FCC2C2905EF0066E831 /* swift-shoppingTests.xctest */,
				14BA6FD62C2905EF0066E831 /* swift-shoppingUITests.xctest */,
			);
			name = Products;
			sourceTree = "<group>";
		};
		14BA6FB52C2905EC0066E831 /* swift-shopping */ = {
			isa = PBXGroup;
			children = (
				14BA6FB62C2905EC0066E831 /* AppDelegate.swift */,
				14E0B48B2C29195F0021ED24 /* MyNavigationController.swift */,
				14E0B48D2C29199A0021ED24 /* MyTabBarController.swift */,
				14E0B48F2C291A230021ED24 /* File */,
				14E0B4902C291A230021ED24 /* Main */,
				14BA6FC22C2905EF0066E831 /* Assets.xcassets */,
				14BA6FC42C2905EF0066E831 /* LaunchScreen.storyboard */,
				14BA6FC72C2905EF0066E831 /* Info.plist */,
				14BA6FBF2C2905EC0066E831 /* swift_shopping.xcdatamodeld */,
			);
			path = "swift-shopping";
			sourceTree = "<group>";
		};
		14BA6FCF2C2905EF0066E831 /* swift-shoppingTests */ = {
			isa = PBXGroup;
			children = (
				14BA6FD02C2905EF0066E831 /* swift_shoppingTests.swift */,
			);
			path = "swift-shoppingTests";
			sourceTree = "<group>";
		};
		14BA6FD92C2905EF0066E831 /* swift-shoppingUITests */ = {
			isa = PBXGroup;
			children = (
				14BA6FDA2C2905EF0066E831 /* swift_shoppingUITests.swift */,
				14BA6FDC2C2905EF0066E831 /* swift_shoppingUITestsLaunchTests.swift */,
			);
			path = "swift-shoppingUITests";
			sourceTree = "<group>";
		};
		14E0B48F2C291A230021ED24 /* File */ = {
			isa = PBXGroup;
			children = (
				14E0B4AF2C2938140021ED24 /* LightNetwork */,
			);
			path = File;
			sourceTree = "<group>";
		};
		14E0B4902C291A230021ED24 /* Main */ = {
			isa = PBXGroup;
			children = (
				14E0B4912C291A230021ED24 /* Home */,
				14E0B4952C291A230021ED24 /* Category */,
				14E0B4992C291A230021ED24 /* Mine */,
				14E0B49D2C291A230021ED24 /* Cart */,
				14E0B4A12C291A230021ED24 /* Base */,
			);
			path = Main;
			sourceTree = "<group>";
		};
		14E0B4912C291A230021ED24 /* Home */ = {
			isa = PBXGroup;
			children = (
				14E0B4922C291A230021ED24 /* Controller */,
				14E0B4932C291A230021ED24 /* Model */,
				14E0B4942C291A230021ED24 /* View */,
			);
			path = Home;
			sourceTree = "<group>";
		};
		14E0B4922C291A230021ED24 /* Controller */ = {
			isa = PBXGroup;
			children = (
				14E0B4A72C291A7E0021ED24 /* HomeViewController.swift */,
				14FF14BB2C2A6E92008BF1C4 /* HomeViewController.xib */,
				14FF14C92C2AB6CB008BF1C4 /* SearchHistoryViewController.swift */,
				14FF14CA2C2AB6CB008BF1C4 /* SearchHistoryViewController.xib */,
				8B99BB642C2C52F50074307B /* SearchResultViewController.swift */,
				8B99BB652C2C52F50074307B /* SearchResultViewController.xib */,
			);
			path = Controller;
			sourceTree = "<group>";
		};
		14E0B4932C291A230021ED24 /* Model */ = {
			isa = PBXGroup;
			children = (
				14E0B4C12C29592A0021ED24 /* HomeModel.swift */,
			);
			path = Model;
			sourceTree = "<group>";
		};
		14E0B4942C291A230021ED24 /* View */ = {
			isa = PBXGroup;
			children = (
				14E0B4C32C296B4C0021ED24 /* GoodsListTableViewCell.swift */,
				14E0B4C42C296B4C0021ED24 /* GoodsListTableViewCell.xib */,
				14FF14BD2C2A71EF008BF1C4 /* HomeBannerView.swift */,
				14FF14C12C2A7228008BF1C4 /* HomeCollectionView.swift */,
				14FF14C52C2A7264008BF1C4 /* HomeCollectionViewCell.swift */,
				14FF14C62C2A7264008BF1C4 /* HomeCollectionViewCell.xib */,
				8B99BB602C2C4BB60074307B /* SearchHistoryCollectionViewCell.swift */,
				8B99BB612C2C4BB60074307B /* SearchHistoryCollectionViewCell.xib */,
			);
			path = View;
			sourceTree = "<group>";
		};
		14E0B4952C291A230021ED24 /* Category */ = {
			isa = PBXGroup;
			children = (
				14E0B4962C291A230021ED24 /* Controller */,
				14E0B4972C291A230021ED24 /* Model */,
				14E0B4982C291A230021ED24 /* View */,
			);
			path = Category;
			sourceTree = "<group>";
		};
		14E0B4962C291A230021ED24 /* Controller */ = {
			isa = PBXGroup;
			children = (
				14E0B4A92C291A950021ED24 /* CategoryViewController.swift */,
				14FF14CD2C2AB912008BF1C4 /* CategoryViewController.xib */,
			);
			path = Controller;
			sourceTree = "<group>";
		};
		14E0B4972C291A230021ED24 /* Model */ = {
			isa = PBXGroup;
			children = (
				14FF14CF2C2AC0B2008BF1C4 /* CategoryModel.swift */,
			);
			path = Model;
			sourceTree = "<group>";
		};
		14E0B4982C291A230021ED24 /* View */ = {
			isa = PBXGroup;
			children = (
				14092F842C2BABA900B4ECB5 /* CategoryCollectionViewCell.swift */,
				14092F852C2BABA900B4ECB5 /* CategoryCollectionViewCell.xib */,
			);
			path = View;
			sourceTree = "<group>";
		};
		14E0B4992C291A230021ED24 /* Mine */ = {
			isa = PBXGroup;
			children = (
				14E0B49A2C291A230021ED24 /* Controller */,
				14E0B49B2C291A230021ED24 /* Model */,
				14E0B49C2C291A230021ED24 /* View */,
			);
			path = Mine;
			sourceTree = "<group>";
		};
		14E0B49A2C291A230021ED24 /* Controller */ = {
			isa = PBXGroup;
			children = (
				14E0B4AB2C291AA20021ED24 /* MineViewController.swift */,
			);
			path = Controller;
			sourceTree = "<group>";
		};
		14E0B49B2C291A230021ED24 /* Model */ = {
			isa = PBXGroup;
			children = (
			);
			path = Model;
			sourceTree = "<group>";
		};
		14E0B49C2C291A230021ED24 /* View */ = {
			isa = PBXGroup;
			children = (
				14092F882C2BB6F700B4ECB5 /* MineBgView.swift */,
				14092F8A2C2BB6FD00B4ECB5 /* MineBgView.xib */,
			);
			path = View;
			sourceTree = "<group>";
		};
		14E0B49D2C291A230021ED24 /* Cart */ = {
			isa = PBXGroup;
			children = (
				14E0B49E2C291A230021ED24 /* Controller */,
				14E0B49F2C291A230021ED24 /* Model */,
				14E0B4A02C291A230021ED24 /* View */,
			);
			path = Cart;
			sourceTree = "<group>";
		};
		14E0B49E2C291A230021ED24 /* Controller */ = {
			isa = PBXGroup;
			children = (
				14E0B4AD2C291AAE0021ED24 /* CartViewController.swift */,
			);
			path = Controller;
			sourceTree = "<group>";
		};
		14E0B49F2C291A230021ED24 /* Model */ = {
			isa = PBXGroup;
			children = (
			);
			path = Model;
			sourceTree = "<group>";
		};
		14E0B4A02C291A230021ED24 /* View */ = {
			isa = PBXGroup;
			children = (
			);
			path = View;
			sourceTree = "<group>";
		};
		14E0B4A12C291A230021ED24 /* Base */ = {
			isa = PBXGroup;
			children = (
				14E0B4A22C291A230021ED24 /* Controller */,
				14E0B4A32C291A230021ED24 /* Model */,
				14E0B4A42C291A230021ED24 /* View */,
			);
			path = Base;
			sourceTree = "<group>";
		};
		14E0B4A22C291A230021ED24 /* Controller */ = {
			isa = PBXGroup;
			children = (
				14E0B4A52C291A5D0021ED24 /* BaseViewController.swift */,
				14FF14B52C2A65E6008BF1C4 /* LoadingViewController.swift */,
				14FF14B62C2A65E6008BF1C4 /* LoadingViewController.xib */,
				14092F8C2C2BDFCA00B4ECB5 /* LoginViewController.swift */,
				14092F8D2C2BDFCA00B4ECB5 /* LoginViewController.xib */,
			);
			path = Controller;
			sourceTree = "<group>";
		};
		14E0B4A32C291A230021ED24 /* Model */ = {
			isa = PBXGroup;
			children = (
				14FF14B32C2A5CAB008BF1C4 /* GlobalConfig.swift */,
				14092F902C2BECFB00B4ECB5 /* LoginModel.swift */,
				14FF14B92C2A6B8B008BF1C4 /* UIDevice+K_Addition.swift */,
			);
			path = Model;
			sourceTree = "<group>";
		};
		14E0B4A42C291A230021ED24 /* View */ = {
			isa = PBXGroup;
			children = (
			);
			path = View;
			sourceTree = "<group>";
		};
		14E0B4AF2C2938140021ED24 /* LightNetwork */ = {
			isa = PBXGroup;
			children = (
				14E0B4B02C2938140021ED24 /* LNNetworkConfiguration.swift */,
				14E0B4B12C2938140021ED24 /* LNNetworkManager.swift */,
				14E0B4B22C2938140021ED24 /* LNBaseRequest.swift */,
				14E0B4B32C2938140021ED24 /* LNRequest.swift */,
			);
			path = LightNetwork;
			sourceTree = "<group>";
		};
		7DEEF9B6B7AF0F02973AFF38 /* Pods */ = {
			isa = PBXGroup;
			children = (
				5BD6B247F28FA72762D98ACE /* Pods-swift-shopping.debug.xcconfig */,
				E7D8005E74C163800BA91BB9 /* Pods-swift-shopping.release.xcconfig */,
			);
			path = Pods;
			sourceTree = "<group>";
		};
		E998E2D22F97A61BD0C09CCC /* Frameworks */ = {
			isa = PBXGroup;
			children = (
				5E7FDBD82B9E9B0026170574 /* Pods_swift_shopping.framework */,
			);
			name = Frameworks;
			sourceTree = "<group>";
		};
/* End PBXGroup section */

/* Begin PBXNativeTarget section */
		14BA6FB22C2905EC0066E831 /* swift-shopping */ = {
			isa = PBXNativeTarget;
			buildConfigurationList = 14BA6FE02C2905EF0066E831 /* Build configuration list for PBXNativeTarget "swift-shopping" */;
			buildPhases = (
				367EE5E07EC7769E5E6DB1B8 /* [CP] Check Pods Manifest.lock */,
				14BA6FAF2C2905EC0066E831 /* Sources */,
				14BA6FB02C2905EC0066E831 /* Frameworks */,
				14BA6FB12C2905EC0066E831 /* Resources */,
				61895B0A12949C1DAE5692FC /* [CP] Embed Pods Frameworks */,
			);
			buildRules = (
			);
			dependencies = (
			);
			name = "swift-shopping";
			productName = "swift-shopping";
			productReference = 14BA6FB32C2905EC0066E831 /* swift-shopping.app */;
			productType = "com.apple.product-type.application";
		};
		14BA6FCB2C2905EF0066E831 /* swift-shoppingTests */ = {
			isa = PBXNativeTarget;
			buildConfigurationList = 14BA6FE32C2905EF0066E831 /* Build configuration list for PBXNativeTarget "swift-shoppingTests" */;
			buildPhases = (
				14BA6FC82C2905EF0066E831 /* Sources */,
				14BA6FC92C2905EF0066E831 /* Frameworks */,
				14BA6FCA2C2905EF0066E831 /* Resources */,
			);
			buildRules = (
			);
			dependencies = (
				14BA6FCE2C2905EF0066E831 /* PBXTargetDependency */,
			);
			name = "swift-shoppingTests";
			productName = "swift-shoppingTests";
			productReference = 14BA6FCC2C2905EF0066E831 /* swift-shoppingTests.xctest */;
			productType = "com.apple.product-type.bundle.unit-test";
		};
		14BA6FD52C2905EF0066E831 /* swift-shoppingUITests */ = {
			isa = PBXNativeTarget;
			buildConfigurationList = 14BA6FE62C2905EF0066E831 /* Build configuration list for PBXNativeTarget "swift-shoppingUITests" */;
			buildPhases = (
				14BA6FD22C2905EF0066E831 /* Sources */,
				14BA6FD32C2905EF0066E831 /* Frameworks */,
				14BA6FD42C2905EF0066E831 /* Resources */,
			);
			buildRules = (
			);
			dependencies = (
				14BA6FD82C2905EF0066E831 /* PBXTargetDependency */,
			);
			name = "swift-shoppingUITests";
			productName = "swift-shoppingUITests";
			productReference = 14BA6FD62C2905EF0066E831 /* swift-shoppingUITests.xctest */;
			productType = "com.apple.product-type.bundle.ui-testing";
		};
/* End PBXNativeTarget section */

/* Begin PBXProject section */
		14BA6FAB2C2905EC0066E831 /* Project object */ = {
			isa = PBXProject;
			attributes = {
				BuildIndependentTargetsInParallel = 1;
				LastSwiftUpdateCheck = 1500;
				LastUpgradeCheck = 1500;
				TargetAttributes = {
					14BA6FB22C2905EC0066E831 = {
						CreatedOnToolsVersion = 15.0.1;
					};
					14BA6FCB2C2905EF0066E831 = {
						CreatedOnToolsVersion = 15.0.1;
						TestTargetID = 14BA6FB22C2905EC0066E831;
					};
					14BA6FD52C2905EF0066E831 = {
						CreatedOnToolsVersion = 15.0.1;
						TestTargetID = 14BA6FB22C2905EC0066E831;
					};
				};
			};
			buildConfigurationList = 14BA6FAE2C2905EC0066E831 /* Build configuration list for PBXProject "swift-shopping" */;
			compatibilityVersion = "Xcode 14.0";
			developmentRegion = en;
			hasScannedForEncodings = 0;
			knownRegions = (
				en,
				Base,
			);
			mainGroup = 14BA6FAA2C2905EC0066E831;
			productRefGroup = 14BA6FB42C2905EC0066E831 /* Products */;
			projectDirPath = "";
			projectRoot = "";
			targets = (
				14BA6FB22C2905EC0066E831 /* swift-shopping */,
				14BA6FCB2C2905EF0066E831 /* swift-shoppingTests */,
				14BA6FD52C2905EF0066E831 /* swift-shoppingUITests */,
			);
		};
/* End PBXProject section */

/* Begin PBXResourcesBuildPhase section */
		14BA6FB12C2905EC0066E831 /* Resources */ = {
			isa = PBXResourcesBuildPhase;
			buildActionMask = 2147483647;
			files = (
				14092F8B2C2BB6FD00B4ECB5 /* MineBgView.xib in Resources */,
				14FF14CE2C2AB912008BF1C4 /* CategoryViewController.xib in Resources */,
				14092F8F2C2BDFCA00B4ECB5 /* LoginViewController.xib in Resources */,
				14E0B4C62C296B4C0021ED24 /* GoodsListTableViewCell.xib in Resources */,
				14BA6FC62C2905EF0066E831 /* LaunchScreen.storyboard in Resources */,
				14FF14CC2C2AB6CC008BF1C4 /* SearchHistoryViewController.xib in Resources */,
				14FF14BC2C2A6E92008BF1C4 /* HomeViewController.xib in Resources */,
				8B99BB632C2C4BB60074307B /* SearchHistoryCollectionViewCell.xib in Resources */,
				8B99BB672C2C52F50074307B /* SearchResultViewController.xib in Resources */,
				14FF14C82C2A7264008BF1C4 /* HomeCollectionViewCell.xib in Resources */,
				14092F872C2BABA900B4ECB5 /* CategoryCollectionViewCell.xib in Resources */,
				14BA6FC32C2905EF0066E831 /* Assets.xcassets in Resources */,
				14FF14B82C2A65E6008BF1C4 /* LoadingViewController.xib in Resources */,
			);
			runOnlyForDeploymentPostprocessing = 0;
		};
		14BA6FCA2C2905EF0066E831 /* Resources */ = {
			isa = PBXResourcesBuildPhase;
			buildActionMask = 2147483647;
			files = (
			);
			runOnlyForDeploymentPostprocessing = 0;
		};
		14BA6FD42C2905EF0066E831 /* Resources */ = {
			isa = PBXResourcesBuildPhase;
			buildActionMask = 2147483647;
			files = (
			);
			runOnlyForDeploymentPostprocessing = 0;
		};
/* End PBXResourcesBuildPhase section */

/* Begin PBXShellScriptBuildPhase section */
		367EE5E07EC7769E5E6DB1B8 /* [CP] Check Pods Manifest.lock */ = {
			isa = PBXShellScriptBuildPhase;
			buildActionMask = 2147483647;
			files = (
			);
			inputFileListPaths = (
			);
			inputPaths = (
				"${PODS_PODFILE_DIR_PATH}/Podfile.lock",
				"${PODS_ROOT}/Manifest.lock",
			);
			name = "[CP] Check Pods Manifest.lock";
			outputFileListPaths = (
			);
			outputPaths = (
				"$(DERIVED_FILE_DIR)/Pods-swift-shopping-checkManifestLockResult.txt",
			);
			runOnlyForDeploymentPostprocessing = 0;
			shellPath = /bin/sh;
			shellScript = "diff \"${PODS_PODFILE_DIR_PATH}/Podfile.lock\" \"${PODS_ROOT}/Manifest.lock\" > /dev/null\nif [ $? != 0 ] ; then\n    # print error to STDERR\n    echo \"error: The sandbox is not in sync with the Podfile.lock. Run 'pod install' or update your CocoaPods installation.\" >&2\n    exit 1\nfi\n# This output is used by Xcode 'outputs' to avoid re-running this script phase.\necho \"SUCCESS\" > \"${SCRIPT_OUTPUT_FILE_0}\"\n";
			showEnvVarsInLog = 0;
		};
		61895B0A12949C1DAE5692FC /* [CP] Embed Pods Frameworks */ = {
			isa = PBXShellScriptBuildPhase;
			buildActionMask = 2147483647;
			files = (
			);
			inputFileListPaths = (
				"${PODS_ROOT}/Target Support Files/Pods-swift-shopping/Pods-swift-shopping-frameworks-${CONFIGURATION}-input-files.xcfilelist",
			);
			name = "[CP] Embed Pods Frameworks";
			outputFileListPaths = (
				"${PODS_ROOT}/Target Support Files/Pods-swift-shopping/Pods-swift-shopping-frameworks-${CONFIGURATION}-output-files.xcfilelist",
			);
			runOnlyForDeploymentPostprocessing = 0;
			shellPath = /bin/sh;
			shellScript = "\"${PODS_ROOT}/Target Support Files/Pods-swift-shopping/Pods-swift-shopping-frameworks.sh\"\n";
			showEnvVarsInLog = 0;
		};
/* End PBXShellScriptBuildPhase section */

/* Begin PBXSourcesBuildPhase section */
		14BA6FAF2C2905EC0066E831 /* Sources */ = {
			isa = PBXSourcesBuildPhase;
			buildActionMask = 2147483647;
			files = (
				14E0B4A62C291A5D0021ED24 /* BaseViewController.swift in Sources */,
				14FF14BE2C2A71EF008BF1C4 /* HomeBannerView.swift in Sources */,
				14E0B4B42C2938140021ED24 /* LNNetworkConfiguration.swift in Sources */,
				14FF14B72C2A65E6008BF1C4 /* LoadingViewController.swift in Sources */,
				14E0B4C52C296B4C0021ED24 /* GoodsListTableViewCell.swift in Sources */,
				14FF14CB2C2AB6CB008BF1C4 /* SearchHistoryViewController.swift in Sources */,
				14FF14D02C2AC0B3008BF1C4 /* CategoryModel.swift in Sources */,
				8B99BB622C2C4BB60074307B /* SearchHistoryCollectionViewCell.swift in Sources */,
				14E0B4B72C2938140021ED24 /* LNRequest.swift in Sources */,
				14FF14B42C2A5CAB008BF1C4 /* GlobalConfig.swift in Sources */,
				14E0B48C2C29195F0021ED24 /* MyNavigationController.swift in Sources */,
				14E0B4AA2C291A950021ED24 /* CategoryViewController.swift in Sources */,
				14E0B4B62C2938140021ED24 /* LNBaseRequest.swift in Sources */,
				14FF14BA2C2A6B8B008BF1C4 /* UIDevice+K_Addition.swift in Sources */,
				14E0B4AC2C291AA20021ED24 /* MineViewController.swift in Sources */,
				14E0B48E2C29199A0021ED24 /* MyTabBarController.swift in Sources */,
				8B99BB662C2C52F50074307B /* SearchResultViewController.swift in Sources */,
				14BA6FB72C2905EC0066E831 /* AppDelegate.swift in Sources */,
				14092F862C2BABA900B4ECB5 /* CategoryCollectionViewCell.swift in Sources */,
				14FF14C72C2A7264008BF1C4 /* HomeCollectionViewCell.swift in Sources */,
				14BA6FC12C2905EC0066E831 /* swift_shopping.xcdatamodeld in Sources */,
				14E0B4C22C29592A0021ED24 /* HomeModel.swift in Sources */,
				14E0B4B52C2938140021ED24 /* LNNetworkManager.swift in Sources */,
				14E0B4AE2C291AAE0021ED24 /* CartViewController.swift in Sources */,
				14092F912C2BECFB00B4ECB5 /* LoginModel.swift in Sources */,
				14E0B4A82C291A7E0021ED24 /* HomeViewController.swift in Sources */,
				14092F892C2BB6F700B4ECB5 /* MineBgView.swift in Sources */,
				14092F8E2C2BDFCA00B4ECB5 /* LoginViewController.swift in Sources */,
				14FF14C22C2A7228008BF1C4 /* HomeCollectionView.swift in Sources */,
			);
			runOnlyForDeploymentPostprocessing = 0;
		};
		14BA6FC82C2905EF0066E831 /* Sources */ = {
			isa = PBXSourcesBuildPhase;
			buildActionMask = 2147483647;
			files = (
				14BA6FD12C2905EF0066E831 /* swift_shoppingTests.swift in Sources */,
			);
			runOnlyForDeploymentPostprocessing = 0;
		};
		14BA6FD22C2905EF0066E831 /* Sources */ = {
			isa = PBXSourcesBuildPhase;
			buildActionMask = 2147483647;
			files = (
				14BA6FDD2C2905EF0066E831 /* swift_shoppingUITestsLaunchTests.swift in Sources */,
				14BA6FDB2C2905EF0066E831 /* swift_shoppingUITests.swift in Sources */,
			);
			runOnlyForDeploymentPostprocessing = 0;
		};
/* End PBXSourcesBuildPhase section */

/* Begin PBXTargetDependency section */
		14BA6FCE2C2905EF0066E831 /* PBXTargetDependency */ = {
			isa = PBXTargetDependency;
			target = 14BA6FB22C2905EC0066E831 /* swift-shopping */;
			targetProxy = 14BA6FCD2C2905EF0066E831 /* PBXContainerItemProxy */;
		};
		14BA6FD82C2905EF0066E831 /* PBXTargetDependency */ = {
			isa = PBXTargetDependency;
			target = 14BA6FB22C2905EC0066E831 /* swift-shopping */;
			targetProxy = 14BA6FD72C2905EF0066E831 /* PBXContainerItemProxy */;
		};
/* End PBXTargetDependency section */

/* Begin PBXVariantGroup section */
		14BA6FC42C2905EF0066E831 /* LaunchScreen.storyboard */ = {
			isa = PBXVariantGroup;
			children = (
				14BA6FC52C2905EF0066E831 /* Base */,
			);
			name = LaunchScreen.storyboard;
			sourceTree = "<group>";
		};
/* End PBXVariantGroup section */

/* Begin XCBuildConfiguration section */
		14BA6FDE2C2905EF0066E831 /* Debug */ = {
			isa = XCBuildConfiguration;
			buildSettings = {
				ALWAYS_SEARCH_USER_PATHS = NO;
				ASSETCATALOG_COMPILER_GENERATE_SWIFT_ASSET_SYMBOL_EXTENSIONS = YES;
				CLANG_ANALYZER_NONNULL = YES;
				CLANG_ANALYZER_NUMBER_OBJECT_CONVERSION = YES_AGGRESSIVE;
				CLANG_CXX_LANGUAGE_STANDARD = "gnu++20";
				CLANG_ENABLE_MODULES = YES;
				CLANG_ENABLE_OBJC_ARC = YES;
				CLANG_ENABLE_OBJC_WEAK = YES;
				CLANG_WARN_BLOCK_CAPTURE_AUTORELEASING = YES;
				CLANG_WARN_BOOL_CONVERSION = YES;
				CLANG_WARN_COMMA = YES;
				CLANG_WARN_CONSTANT_CONVERSION = YES;
				CLANG_WARN_DEPRECATED_OBJC_IMPLEMENTATIONS = YES;
				CLANG_WARN_DIRECT_OBJC_ISA_USAGE = YES_ERROR;
				CLANG_WARN_DOCUMENTATION_COMMENTS = YES;
				CLANG_WARN_EMPTY_BODY = YES;
				CLANG_WARN_ENUM_CONVERSION = YES;
				CLANG_WARN_INFINITE_RECURSION = YES;
				CLANG_WARN_INT_CONVERSION = YES;
				CLANG_WARN_NON_LITERAL_NULL_CONVERSION = YES;
				CLANG_WARN_OBJC_IMPLICIT_RETAIN_SELF = YES;
				CLANG_WARN_OBJC_LITERAL_CONVERSION = YES;
				CLANG_WARN_OBJC_ROOT_CLASS = YES_ERROR;
				CLANG_WARN_QUOTED_INCLUDE_IN_FRAMEWORK_HEADER = YES;
				CLANG_WARN_RANGE_LOOP_ANALYSIS = YES;
				CLANG_WARN_STRICT_PROTOTYPES = YES;
				CLANG_WARN_SUSPICIOUS_MOVE = YES;
				CLANG_WARN_UNGUARDED_AVAILABILITY = YES_AGGRESSIVE;
				CLANG_WARN_UNREACHABLE_CODE = YES;
				CLANG_WARN__DUPLICATE_METHOD_MATCH = YES;
				COPY_PHASE_STRIP = NO;
				DEBUG_INFORMATION_FORMAT = dwarf;
				ENABLE_STRICT_OBJC_MSGSEND = YES;
				ENABLE_TESTABILITY = YES;
				ENABLE_USER_SCRIPT_SANDBOXING = YES;
				GCC_C_LANGUAGE_STANDARD = gnu17;
				GCC_DYNAMIC_NO_PIC = NO;
				GCC_NO_COMMON_BLOCKS = YES;
				GCC_OPTIMIZATION_LEVEL = 0;
				GCC_PREPROCESSOR_DEFINITIONS = (
					"DEBUG=1",
					"$(inherited)",
				);
				GCC_WARN_64_TO_32_BIT_CONVERSION = YES;
				GCC_WARN_ABOUT_RETURN_TYPE = YES_ERROR;
				GCC_WARN_UNDECLARED_SELECTOR = YES;
				GCC_WARN_UNINITIALIZED_AUTOS = YES_AGGRESSIVE;
				GCC_WARN_UNUSED_FUNCTION = YES;
				GCC_WARN_UNUSED_VARIABLE = YES;
				IPHONEOS_DEPLOYMENT_TARGET = 17.0;
				LOCALIZATION_PREFERS_STRING_CATALOGS = YES;
				MTL_ENABLE_DEBUG_INFO = INCLUDE_SOURCE;
				MTL_FAST_MATH = YES;
				ONLY_ACTIVE_ARCH = YES;
				SDKROOT = iphoneos;
				SWIFT_ACTIVE_COMPILATION_CONDITIONS = "DEBUG $(inherited)";
				SWIFT_OPTIMIZATION_LEVEL = "-Onone";
			};
			name = Debug;
		};
		14BA6FDF2C2905EF0066E831 /* Release */ = {
			isa = XCBuildConfiguration;
			buildSettings = {
				ALWAYS_SEARCH_USER_PATHS = NO;
				ASSETCATALOG_COMPILER_GENERATE_SWIFT_ASSET_SYMBOL_EXTENSIONS = YES;
				CLANG_ANALYZER_NONNULL = YES;
				CLANG_ANALYZER_NUMBER_OBJECT_CONVERSION = YES_AGGRESSIVE;
				CLANG_CXX_LANGUAGE_STANDARD = "gnu++20";
				CLANG_ENABLE_MODULES = YES;
				CLANG_ENABLE_OBJC_ARC = YES;
				CLANG_ENABLE_OBJC_WEAK = YES;
				CLANG_WARN_BLOCK_CAPTURE_AUTORELEASING = YES;
				CLANG_WARN_BOOL_CONVERSION = YES;
				CLANG_WARN_COMMA = YES;
				CLANG_WARN_CONSTANT_CONVERSION = YES;
				CLANG_WARN_DEPRECATED_OBJC_IMPLEMENTATIONS = YES;
				CLANG_WARN_DIRECT_OBJC_ISA_USAGE = YES_ERROR;
				CLANG_WARN_DOCUMENTATION_COMMENTS = YES;
				CLANG_WARN_EMPTY_BODY = YES;
				CLANG_WARN_ENUM_CONVERSION = YES;
				CLANG_WARN_INFINITE_RECURSION = YES;
				CLANG_WARN_INT_CONVERSION = YES;
				CLANG_WARN_NON_LITERAL_NULL_CONVERSION = YES;
				CLANG_WARN_OBJC_IMPLICIT_RETAIN_SELF = YES;
				CLANG_WARN_OBJC_LITERAL_CONVERSION = YES;
				CLANG_WARN_OBJC_ROOT_CLASS = YES_ERROR;
				CLANG_WARN_QUOTED_INCLUDE_IN_FRAMEWORK_HEADER = YES;
				CLANG_WARN_RANGE_LOOP_ANALYSIS = YES;
				CLANG_WARN_STRICT_PROTOTYPES = YES;
				CLANG_WARN_SUSPICIOUS_MOVE = YES;
				CLANG_WARN_UNGUARDED_AVAILABILITY = YES_AGGRESSIVE;
				CLANG_WARN_UNREACHABLE_CODE = YES;
				CLANG_WARN__DUPLICATE_METHOD_MATCH = YES;
				COPY_PHASE_STRIP = NO;
				DEBUG_INFORMATION_FORMAT = "dwarf-with-dsym";
				ENABLE_NS_ASSERTIONS = NO;
				ENABLE_STRICT_OBJC_MSGSEND = YES;
				ENABLE_USER_SCRIPT_SANDBOXING = YES;
				GCC_C_LANGUAGE_STANDARD = gnu17;
				GCC_NO_COMMON_BLOCKS = YES;
				GCC_WARN_64_TO_32_BIT_CONVERSION = YES;
				GCC_WARN_ABOUT_RETURN_TYPE = YES_ERROR;
				GCC_WARN_UNDECLARED_SELECTOR = YES;
				GCC_WARN_UNINITIALIZED_AUTOS = YES_AGGRESSIVE;
				GCC_WARN_UNUSED_FUNCTION = YES;
				GCC_WARN_UNUSED_VARIABLE = YES;
				IPHONEOS_DEPLOYMENT_TARGET = 17.0;
				LOCALIZATION_PREFERS_STRING_CATALOGS = YES;
				MTL_ENABLE_DEBUG_INFO = NO;
				MTL_FAST_MATH = YES;
				SDKROOT = iphoneos;
				SWIFT_COMPILATION_MODE = wholemodule;
				VALIDATE_PRODUCT = YES;
			};
			name = Release;
		};
		14BA6FE12C2905EF0066E831 /* Debug */ = {
			isa = XCBuildConfiguration;
			baseConfigurationReference = 5BD6B247F28FA72762D98ACE /* Pods-swift-shopping.debug.xcconfig */;
			buildSettings = {
				ASSETCATALOG_COMPILER_APPICON_NAME = AppIcon;
				ASSETCATALOG_COMPILER_GLOBAL_ACCENT_COLOR_NAME = AccentColor;
				CODE_SIGN_STYLE = Automatic;
				CURRENT_PROJECT_VERSION = 1;
				DEVELOPMENT_TEAM = 287ZL65P9C;
				ENABLE_USER_SCRIPT_SANDBOXING = NO;
				GENERATE_INFOPLIST_FILE = YES;
				INFOPLIST_FILE = "swift-shopping/Info.plist";
				INFOPLIST_KEY_UIApplicationSupportsIndirectInputEvents = YES;
				INFOPLIST_KEY_UILaunchStoryboardName = LaunchScreen;
				INFOPLIST_KEY_UISupportedInterfaceOrientations_iPad = "UIInterfaceOrientationPortrait UIInterfaceOrientationPortraitUpsideDown UIInterfaceOrientationLandscapeLeft UIInterfaceOrientationLandscapeRight";
				INFOPLIST_KEY_UISupportedInterfaceOrientations_iPhone = "UIInterfaceOrientationPortrait UIInterfaceOrientationLandscapeLeft UIInterfaceOrientationLandscapeRight";
				IPHONEOS_DEPLOYMENT_TARGET = 13.0;
				LD_RUNPATH_SEARCH_PATHS = (
					"$(inherited)",
					"@executable_path/Frameworks",
				);
				MARKETING_VERSION = 1.0;
				PRODUCT_BUNDLE_IDENTIFIER = "com.ctf.sales.swift-shopping";
				PRODUCT_NAME = "$(TARGET_NAME)";
				SWIFT_EMIT_LOC_STRINGS = YES;
				SWIFT_VERSION = 5.0;
				TARGETED_DEVICE_FAMILY = "1,2";
			};
			name = Debug;
		};
		14BA6FE22C2905EF0066E831 /* Release */ = {
			isa = XCBuildConfiguration;
			baseConfigurationReference = E7D8005E74C163800BA91BB9 /* Pods-swift-shopping.release.xcconfig */;
			buildSettings = {
				ASSETCATALOG_COMPILER_APPICON_NAME = AppIcon;
				ASSETCATALOG_COMPILER_GLOBAL_ACCENT_COLOR_NAME = AccentColor;
				CODE_SIGN_STYLE = Automatic;
				CURRENT_PROJECT_VERSION = 1;
				DEVELOPMENT_TEAM = 287ZL65P9C;
				ENABLE_USER_SCRIPT_SANDBOXING = NO;
				GENERATE_INFOPLIST_FILE = YES;
				INFOPLIST_FILE = "swift-shopping/Info.plist";
				INFOPLIST_KEY_UIApplicationSupportsIndirectInputEvents = YES;
				INFOPLIST_KEY_UILaunchStoryboardName = LaunchScreen;
				INFOPLIST_KEY_UISupportedInterfaceOrientations_iPad = "UIInterfaceOrientationPortrait UIInterfaceOrientationPortraitUpsideDown UIInterfaceOrientationLandscapeLeft UIInterfaceOrientationLandscapeRight";
				INFOPLIST_KEY_UISupportedInterfaceOrientations_iPhone = "UIInterfaceOrientationPortrait UIInterfaceOrientationLandscapeLeft UIInterfaceOrientationLandscapeRight";
				IPHONEOS_DEPLOYMENT_TARGET = 13.0;
				LD_RUNPATH_SEARCH_PATHS = (
					"$(inherited)",
					"@executable_path/Frameworks",
				);
				MARKETING_VERSION = 1.0;
				PRODUCT_BUNDLE_IDENTIFIER = "com.ctf.sales.swift-shopping";
				PRODUCT_NAME = "$(TARGET_NAME)";
				SWIFT_EMIT_LOC_STRINGS = YES;
				SWIFT_VERSION = 5.0;
				TARGETED_DEVICE_FAMILY = "1,2";
			};
			name = Release;
		};
		14BA6FE42C2905EF0066E831 /* Debug */ = {
			isa = XCBuildConfiguration;
			buildSettings = {
				ALWAYS_EMBED_SWIFT_STANDARD_LIBRARIES = YES;
				BUNDLE_LOADER = "$(TEST_HOST)";
				CODE_SIGN_STYLE = Automatic;
				CURRENT_PROJECT_VERSION = 1;
				DEVELOPMENT_TEAM = 287ZL65P9C;
				GENERATE_INFOPLIST_FILE = YES;
				IPHONEOS_DEPLOYMENT_TARGET = 13.0;
				MARKETING_VERSION = 1.0;
				PRODUCT_BUNDLE_IDENTIFIER = "com.ctf.sales.swift-shoppingTests";
				PRODUCT_NAME = "$(TARGET_NAME)";
				SWIFT_EMIT_LOC_STRINGS = NO;
				SWIFT_VERSION = 5.0;
				TARGETED_DEVICE_FAMILY = "1,2";
				TEST_HOST = "$(BUILT_PRODUCTS_DIR)/swift-shopping.app/$(BUNDLE_EXECUTABLE_FOLDER_PATH)/swift-shopping";
			};
			name = Debug;
		};
		14BA6FE52C2905EF0066E831 /* Release */ = {
			isa = XCBuildConfiguration;
			buildSettings = {
				ALWAYS_EMBED_SWIFT_STANDARD_LIBRARIES = YES;
				BUNDLE_LOADER = "$(TEST_HOST)";
				CODE_SIGN_STYLE = Automatic;
				CURRENT_PROJECT_VERSION = 1;
				DEVELOPMENT_TEAM = 287ZL65P9C;
				GENERATE_INFOPLIST_FILE = YES;
				IPHONEOS_DEPLOYMENT_TARGET = 13.0;
				MARKETING_VERSION = 1.0;
				PRODUCT_BUNDLE_IDENTIFIER = "com.ctf.sales.swift-shoppingTests";
				PRODUCT_NAME = "$(TARGET_NAME)";
				SWIFT_EMIT_LOC_STRINGS = NO;
				SWIFT_VERSION = 5.0;
				TARGETED_DEVICE_FAMILY = "1,2";
				TEST_HOST = "$(BUILT_PRODUCTS_DIR)/swift-shopping.app/$(BUNDLE_EXECUTABLE_FOLDER_PATH)/swift-shopping";
			};
			name = Release;
		};
		14BA6FE72C2905EF0066E831 /* Debug */ = {
			isa = XCBuildConfiguration;
			buildSettings = {
				ALWAYS_EMBED_SWIFT_STANDARD_LIBRARIES = YES;
				CODE_SIGN_STYLE = Automatic;
				CURRENT_PROJECT_VERSION = 1;
				DEVELOPMENT_TEAM = 287ZL65P9C;
				GENERATE_INFOPLIST_FILE = YES;
				IPHONEOS_DEPLOYMENT_TARGET = 13.0;
				MARKETING_VERSION = 1.0;
				PRODUCT_BUNDLE_IDENTIFIER = "com.ctf.sales.swift-shoppingUITests";
				PRODUCT_NAME = "$(TARGET_NAME)";
				SWIFT_EMIT_LOC_STRINGS = NO;
				SWIFT_VERSION = 5.0;
				TARGETED_DEVICE_FAMILY = "1,2";
				TEST_TARGET_NAME = "swift-shopping";
			};
			name = Debug;
		};
		14BA6FE82C2905EF0066E831 /* Release */ = {
			isa = XCBuildConfiguration;
			buildSettings = {
				ALWAYS_EMBED_SWIFT_STANDARD_LIBRARIES = YES;
				CODE_SIGN_STYLE = Automatic;
				CURRENT_PROJECT_VERSION = 1;
				DEVELOPMENT_TEAM = 287ZL65P9C;
				GENERATE_INFOPLIST_FILE = YES;
				IPHONEOS_DEPLOYMENT_TARGET = 13.0;
				MARKETING_VERSION = 1.0;
				PRODUCT_BUNDLE_IDENTIFIER = "com.ctf.sales.swift-shoppingUITests";
				PRODUCT_NAME = "$(TARGET_NAME)";
				SWIFT_EMIT_LOC_STRINGS = NO;
				SWIFT_VERSION = 5.0;
				TARGETED_DEVICE_FAMILY = "1,2";
				TEST_TARGET_NAME = "swift-shopping";
			};
			name = Release;
		};
/* End XCBuildConfiguration section */

/* Begin XCConfigurationList section */
		14BA6FAE2C2905EC0066E831 /* Build configuration list for PBXProject "swift-shopping" */ = {
			isa = XCConfigurationList;
			buildConfigurations = (
				14BA6FDE2C2905EF0066E831 /* Debug */,
				14BA6FDF2C2905EF0066E831 /* Release */,
			);
			defaultConfigurationIsVisible = 0;
			defaultConfigurationName = Release;
		};
		14BA6FE02C2905EF0066E831 /* Build configuration list for PBXNativeTarget "swift-shopping" */ = {
			isa = XCConfigurationList;
			buildConfigurations = (
				14BA6FE12C2905EF0066E831 /* Debug */,
				14BA6FE22C2905EF0066E831 /* Release */,
			);
			defaultConfigurationIsVisible = 0;
			defaultConfigurationName = Release;
		};
		14BA6FE32C2905EF0066E831 /* Build configuration list for PBXNativeTarget "swift-shoppingTests" */ = {
			isa = XCConfigurationList;
			buildConfigurations = (
				14BA6FE42C2905EF0066E831 /* Debug */,
				14BA6FE52C2905EF0066E831 /* Release */,
			);
			defaultConfigurationIsVisible = 0;
			defaultConfigurationName = Release;
		};
		14BA6FE62C2905EF0066E831 /* Build configuration list for PBXNativeTarget "swift-shoppingUITests" */ = {
			isa = XCConfigurationList;
			buildConfigurations = (
				14BA6FE72C2905EF0066E831 /* Debug */,
				14BA6FE82C2905EF0066E831 /* Release */,
			);
			defaultConfigurationIsVisible = 0;
			defaultConfigurationName = Release;
		};
/* End XCConfigurationList section */

/* Begin XCVersionGroup section */
		14BA6FBF2C2905EC0066E831 /* swift_shopping.xcdatamodeld */ = {
			isa = XCVersionGroup;
			children = (
				14BA6FC02C2905EC0066E831 /* swift_shopping.xcdatamodel */,
			);
			currentVersion = 14BA6FC02C2905EC0066E831 /* swift_shopping.xcdatamodel */;
			path = swift_shopping.xcdatamodeld;
			sourceTree = "<group>";
			versionGroupType = wrapper.xcdatamodel;
		};
/* End XCVersionGroup section */
	};
	rootObject = 14BA6FAB2C2905EC0066E831 /* Project object */;
}
