// !$*UTF8*$!
{
	archiveVersion = 1;
	classes = {
	};
	objectVersion = 56;
	objects = {

/* Begin PBXBuildFile section */
		14BA6FB72C2905EC0066E831 /* AppDelegate.swift in Sources */ = {isa = PBXBuildFile; fileRef = 14BA6FB62C2905EC0066E831 /* AppDelegate.swift */; };
		14BA6FB92C2905EC0066E831 /* SceneDelegate.swift in Sources */ = {isa = PBXBuildFile; fileRef = 14BA6FB82C2905EC0066E831 /* SceneDelegate.swift */; };
		14BA6FBB2C2905EC0066E831 /* ViewController.swift in Sources */ = {isa = PBXBuildFile; fileRef = 14BA6FBA2C2905EC0066E831 /* ViewController.swift */; };
		14BA6FBE2C2905EC0066E831 /* Main.storyboard in Resources */ = {isa = PBXBuildFile; fileRef = 14BA6FBC2C2905EC0066E831 /* Main.storyboard */; };
		14BA6FC12C2905EC0066E831 /* swift_shopping.xcdatamodeld in Sources */ = {isa = PBXBuildFile; fileRef = 14BA6FBF2C2905EC0066E831 /* swift_shopping.xcdatamodeld */; };
		14BA6FC32C2905EF0066E831 /* Assets.xcassets in Resources */ = {isa = PBXBuildFile; fileRef = 14BA6FC22C2905EF0066E831 /* Assets.xcassets */; };
		14BA6FC62C2905EF0066E831 /* LaunchScreen.storyboard in Resources */ = {isa = PBXBuildFile; fileRef = 14BA6FC42C2905EF0066E831 /* LaunchScreen.storyboard */; };
		14BA6FD12C2905EF0066E831 /* swift_shoppingTests.swift in Sources */ = {isa = PBXBuildFile; fileRef = 14BA6FD02C2905EF0066E831 /* swift_shoppingTests.swift */; };
		14BA6FDB2C2905EF0066E831 /* swift_shoppingUITests.swift in Sources */ = {isa = PBXBuildFile; fileRef = 14BA6FDA2C2905EF0066E831 /* swift_shoppingUITests.swift */; };
		14BA6FDD2C2905EF0066E831 /* swift_shoppingUITestsLaunchTests.swift in Sources */ = {isa = PBXBuildFile; fileRef = 14BA6FDC2C2905EF0066E831 /* swift_shoppingUITestsLaunchTests.swift */; };
/* End PBXBuildFile section */

/* Begin PBXContainerItemProxy section */
		14BA6FCD2C2905EF0066E831 /* PBXContainerItemProxy */ = {
			isa = PBXContainerItemProxy;
			containerPortal = 14BA6FAB2C2905EC0066E831 /* Project object */;
			proxyType = 1;
			remoteGlobalIDString = 14BA6FB22C2905EC0066E831;
			remoteInfo = "swift-shopping";
		};
		14BA6FD72C2905EF0066E831 /* PBXContainerItemProxy */ = {
			isa = PBXContainerItemProxy;
			containerPortal = 14BA6FAB2C2905EC0066E831 /* Project object */;
			proxyType = 1;
			remoteGlobalIDString = 14BA6FB22C2905EC0066E831;
			remoteInfo = "swift-shopping";
		};
/* End PBXContainerItemProxy section */

/* Begin PBXFileReference section */
		14BA6FB32C2905EC0066E831 /* swift-shopping.app */ = {isa = PBXFileReference; explicitFileType = wrapper.application; includeInIndex = 0; path = "swift-shopping.app"; sourceTree = BUILT_PRODUCTS_DIR; };
		14BA6FB62C2905EC0066E831 /* AppDelegate.swift */ = {isa = PBXFileReference; lastKnownFileType = sourcecode.swift; path = AppDelegate.swift; sourceTree = "<group>"; };
		14BA6FB82C2905EC0066E831 /* SceneDelegate.swift */ = {isa = PBXFileReference; lastKnownFileType = sourcecode.swift; path = SceneDelegate.swift; sourceTree = "<group>"; };
		14BA6FBA2C2905EC0066E831 /* ViewController.swift */ = {isa = PBXFileReference; lastKnownFileType = sourcecode.swift; path = ViewController.swift; sourceTree = "<group>"; };
		14BA6FBD2C2905EC0066E831 /* Base */ = {isa = PBXFileReference; lastKnownFileType = file.storyboard; name = Base; path = Base.lproj/Main.storyboard; sourceTree = "<group>"; };
		14BA6FC02C2905EC0066E831 /* swift_shopping.xcdatamodel */ = {isa = PBXFileReference; lastKnownFileType = wrapper.xcdatamodel; path = swift_shopping.xcdatamodel; sourceTree = "<group>"; };
		14BA6FC22C2905EF0066E831 /* Assets.xcassets */ = {isa = PBXFileReference; lastKnownFileType = folder.assetcatalog; path = Assets.xcassets; sourceTree = "<group>"; };
		14BA6FC52C2905EF0066E831 /* Base */ = {isa = PBXFileReference; lastKnownFileType = file.storyboard; name = Base; path = Base.lproj/LaunchScreen.storyboard; sourceTree = "<group>"; };
		14BA6FC72C2905EF0066E831 /* Info.plist */ = {isa = PBXFileReference; lastKnownFileType = text.plist.xml; path = Info.plist; sourceTree = "<group>"; };
		14BA6FCC2C2905EF0066E831 /* swift-shoppingTests.xctest */ = {isa = PBXFileReference; explicitFileType = wrapper.cfbundle; includeInIndex = 0; path = "swift-shoppingTests.xctest"; sourceTree = BUILT_PRODUCTS_DIR; };
		14BA6FD02C2905EF0066E831 /* swift_shoppingTests.swift */ = {isa = PBXFileReference; lastKnownFileType = sourcecode.swift; path = swift_shoppingTests.swift; sourceTree = "<group>"; };
		14BA6FD62C2905EF0066E831 /* swift-shoppingUITests.xctest */ = {isa = PBXFileReference; explicitFileType = wrapper.cfbundle; includeInIndex = 0; path = "swift-shoppingUITests.xctest"; sourceTree = BUILT_PRODUCTS_DIR; };
		14BA6FDA2C2905EF0066E831 /* swift_shoppingUITests.swift */ = {isa = PBXFileReference; lastKnownFileType = sourcecode.swift; path = swift_shoppingUITests.swift; sourceTree = "<group>"; };
		14BA6FDC2C2905EF0066E831 /* swift_shoppingUITestsLaunchTests.swift */ = {isa = PBXFileReference; lastKnownFileType = sourcecode.swift; path = swift_shoppingUITestsLaunchTests.swift; sourceTree = "<group>"; };
/* End PBXFileReference section */

/* Begin PBXFrameworksBuildPhase section */
		14BA6FB02C2905EC0066E831 /* Frameworks */ = {
			isa = PBXFrameworksBuildPhase;
			buildActionMask = 2147483647;
			files = (
			);
			runOnlyForDeploymentPostprocessing = 0;
		};
		14BA6FC92C2905EF0066E831 /* Frameworks */ = {
			isa = PBXFrameworksBuildPhase;
			buildActionMask = 2147483647;
			files = (
			);
			runOnlyForDeploymentPostprocessing = 0;
		};
		14BA6FD32C2905EF0066E831 /* Frameworks */ = {
			isa = PBXFrameworksBuildPhase;
			buildActionMask = 2147483647;
			files = (
			);
			runOnlyForDeploymentPostprocessing = 0;
		};
/* End PBXFrameworksBuildPhase section */

/* Begin PBXGroup section */
		14BA6FAA2C2905EC0066E831 = {
			isa = PBXGroup;
			children = (
				14BA6FB52C2905EC0066E831 /* swift-shopping */,
				14BA6FCF2C2905EF0066E831 /* swift-shoppingTests */,
				14BA6FD92C2905EF0066E831 /* swift-shoppingUITests */,
				14BA6FB42C2905EC0066E831 /* Products */,
			);
			sourceTree = "<group>";
		};
		14BA6FB42C2905EC0066E831 /* Products */ = {
			isa = PBXGroup;
			children = (
				14BA6FB32C2905EC0066E831 /* swift-shopping.app */,
				14BA6FCC2C2905EF0066E831 /* swift-shoppingTests.xctest */,
				14BA6FD62C2905EF0066E831 /* swift-shoppingUITests.xctest */,
			);
			name = Products;
			sourceTree = "<group>";
		};
		14BA6FB52C2905EC0066E831 /* swift-shopping */ = {
			isa = PBXGroup;
			children = (
				14BA6FB62C2905EC0066E831 /* AppDelegate.swift */,
				14BA6FB82C2905EC0066E831 /* SceneDelegate.swift */,
				14BA6FBA2C2905EC0066E831 /* ViewController.swift */,
				14BA6FBC2C2905EC0066E831 /* Main.storyboard */,
				14BA6FC22C2905EF0066E831 /* Assets.xcassets */,
				14BA6FC42C2905EF0066E831 /* LaunchScreen.storyboard */,
				14BA6FC72C2905EF0066E831 /* Info.plist */,
				14BA6FBF2C2905EC0066E831 /* swift_shopping.xcdatamodeld */,
			);
			path = "swift-shopping";
			sourceTree = "<group>";
		};
		14BA6FCF2C2905EF0066E831 /* swift-shoppingTests */ = {
			isa = PBXGroup;
			children = (
				14BA6FD02C2905EF0066E831 /* swift_shoppingTests.swift */,
			);
			path = "swift-shoppingTests";
			sourceTree = "<group>";
		};
		14BA6FD92C2905EF0066E831 /* swift-shoppingUITests */ = {
			isa = PBXGroup;
			children = (
				14BA6FDA2C2905EF0066E831 /* swift_shoppingUITests.swift */,
				14BA6FDC2C2905EF0066E831 /* swift_shoppingUITestsLaunchTests.swift */,
			);
			path = "swift-shoppingUITests";
			sourceTree = "<group>";
		};
/* End PBXGroup section */

/* Begin PBXNativeTarget section */
		14BA6FB22C2905EC0066E831 /* swift-shopping */ = {
			isa = PBXNativeTarget;
			buildConfigurationList = 14BA6FE02C2905EF0066E831 /* Build configuration list for PBXNativeTarget "swift-shopping" */;
			buildPhases = (
				14BA6FAF2C2905EC0066E831 /* Sources */,
				14BA6FB02C2905EC0066E831 /* Frameworks */,
				14BA6FB12C2905EC0066E831 /* Resources */,
			);
			buildRules = (
			);
			dependencies = (
			);
			name = "swift-shopping";
			productName = "swift-shopping";
			productReference = 14BA6FB32C2905EC0066E831 /* swift-shopping.app */;
			productType = "com.apple.product-type.application";
		};
		14BA6FCB2C2905EF0066E831 /* swift-shoppingTests */ = {
			isa = PBXNativeTarget;
			buildConfigurationList = 14BA6FE32C2905EF0066E831 /* Build configuration list for PBXNativeTarget "swift-shoppingTests" */;
			buildPhases = (
				14BA6FC82C2905EF0066E831 /* Sources */,
				14BA6FC92C2905EF0066E831 /* Frameworks */,
				14BA6FCA2C2905EF0066E831 /* Resources */,
			);
			buildRules = (
			);
			dependencies = (
				14BA6FCE2C2905EF0066E831 /* PBXTargetDependency */,
			);
			name = "swift-shoppingTests";
			productName = "swift-shoppingTests";
			productReference = 14BA6FCC2C2905EF0066E831 /* swift-shoppingTests.xctest */;
			productType = "com.apple.product-type.bundle.unit-test";
		};
		14BA6FD52C2905EF0066E831 /* swift-shoppingUITests */ = {
			isa = PBXNativeTarget;
			buildConfigurationList = 14BA6FE62C2905EF0066E831 /* Build configuration list for PBXNativeTarget "swift-shoppingUITests" */;
			buildPhases = (
				14BA6FD22C2905EF0066E831 /* Sources */,
				14BA6FD32C2905EF0066E831 /* Frameworks */,
				14BA6FD42C2905EF0066E831 /* Resources */,
			);
			buildRules = (
			);
			dependencies = (
				14BA6FD82C2905EF0066E831 /* PBXTargetDependency */,
			);
			name = "swift-shoppingUITests";
			productName = "swift-shoppingUITests";
			productReference = 14BA6FD62C2905EF0066E831 /* swift-shoppingUITests.xctest */;
			productType = "com.apple.product-type.bundle.ui-testing";
		};
/* End PBXNativeTarget section */

/* Begin PBXProject section */
		14BA6FAB2C2905EC0066E831 /* Project object */ = {
			isa = PBXProject;
			attributes = {
				BuildIndependentTargetsInParallel = 1;
				LastSwiftUpdateCheck = 1500;
				LastUpgradeCheck = 1500;
				TargetAttributes = {
					14BA6FB22C2905EC0066E831 = {
						CreatedOnToolsVersion = 15.0.1;
					};
					14BA6FCB2C2905EF0066E831 = {
						CreatedOnToolsVersion = 15.0.1;
						TestTargetID = 14BA6FB22C2905EC0066E831;
					};
					14BA6FD52C2905EF0066E831 = {
						CreatedOnToolsVersion = 15.0.1;
						TestTargetID = 14BA6FB22C2905EC0066E831;
					};
				};
			};
			buildConfigurationList = 14BA6FAE2C2905EC0066E831 /* Build configuration list for PBXProject "swift-shopping" */;
			compatibilityVersion = "Xcode 14.0";
			developmentRegion = en;
			hasScannedForEncodings = 0;
			knownRegions = (
				en,
				Base,
			);
			mainGroup = 14BA6FAA2C2905EC0066E831;
			productRefGroup = 14BA6FB42C2905EC0066E831 /* Products */;
			projectDirPath = "";
			projectRoot = "";
			targets = (
				14BA6FB22C2905EC0066E831 /* swift-shopping */,
				14BA6FCB2C2905EF0066E831 /* swift-shoppingTests */,
				14BA6FD52C2905EF0066E831 /* swift-shoppingUITests */,
			);
		};
/* End PBXProject section */

/* Begin PBXResourcesBuildPhase section */
		14BA6FB12C2905EC0066E831 /* Resources */ = {
			isa = PBXResourcesBuildPhase;
			buildActionMask = 2147483647;
			files = (
				14BA6FC62C2905EF0066E831 /* LaunchScreen.storyboard in Resources */,
				14BA6FC32C2905EF0066E831 /* Assets.xcassets in Resources */,
				14BA6FBE2C2905EC0066E831 /* Main.storyboard in Resources */,
			);
			runOnlyForDeploymentPostprocessing = 0;
		};
		14BA6FCA2C2905EF0066E831 /* Resources */ = {
			isa = PBXResourcesBuildPhase;
			buildActionMask = 2147483647;
			files = (
			);
			runOnlyForDeploymentPostprocessing = 0;
		};
		14BA6FD42C2905EF0066E831 /* Resources */ = {
			isa = PBXResourcesBuildPhase;
			buildActionMask = 2147483647;
			files = (
			);
			runOnlyForDeploymentPostprocessing = 0;
		};
/* End PBXResourcesBuildPhase section */

/* Begin PBXSourcesBuildPhase section */
		14BA6FAF2C2905EC0066E831 /* Sources */ = {
			isa = PBXSourcesBuildPhase;
			buildActionMask = 2147483647;
			files = (
				14BA6FBB2C2905EC0066E831 /* ViewController.swift in Sources */,
				14BA6FB72C2905EC0066E831 /* AppDelegate.swift in Sources */,
				14BA6FB92C2905EC0066E831 /* SceneDelegate.swift in Sources */,
				14BA6FC12C2905EC0066E831 /* swift_shopping.xcdatamodeld in Sources */,
			);
			runOnlyForDeploymentPostprocessing = 0;
		};
		14BA6FC82C2905EF0066E831 /* Sources */ = {
			isa = PBXSourcesBuildPhase;
			buildActionMask = 2147483647;
			files = (
				14BA6FD12C2905EF0066E831 /* swift_shoppingTests.swift in Sources */,
			);
			runOnlyForDeploymentPostprocessing = 0;
		};
		14BA6FD22C2905EF0066E831 /* Sources */ = {
			isa = PBXSourcesBuildPhase;
			buildActionMask = 2147483647;
			files = (
				14BA6FDD2C2905EF0066E831 /* swift_shoppingUITestsLaunchTests.swift in Sources */,
				14BA6FDB2C2905EF0066E831 /* swift_shoppingUITests.swift in Sources */,
			);
			runOnlyForDeploymentPostprocessing = 0;
		};
/* End PBXSourcesBuildPhase section */

/* Begin PBXTargetDependency section */
		14BA6FCE2C2905EF0066E831 /* PBXTargetDependency */ = {
			isa = PBXTargetDependency;
			target = 14BA6FB22C2905EC0066E831 /* swift-shopping */;
			targetProxy = 14BA6FCD2C2905EF0066E831 /* PBXContainerItemProxy */;
		};
		14BA6FD82C2905EF0066E831 /* PBXTargetDependency */ = {
			isa = PBXTargetDependency;
			target = 14BA6FB22C2905EC0066E831 /* swift-shopping */;
			targetProxy = 14BA6FD72C2905EF0066E831 /* PBXContainerItemProxy */;
		};
/* End PBXTargetDependency section */

/* Begin PBXVariantGroup section */
		14BA6FBC2C2905EC0066E831 /* Main.storyboard */ = {
			isa = PBXVariantGroup;
			children = (
				14BA6FBD2C2905EC0066E831 /* Base */,
			);
			name = Main.storyboard;
			sourceTree = "<group>";
		};
		14BA6FC42C2905EF0066E831 /* LaunchScreen.storyboard */ = {
			isa = PBXVariantGroup;
			children = (
				14BA6FC52C2905EF0066E831 /* Base */,
			);
			name = LaunchScreen.storyboard;
			sourceTree = "<group>";
		};
/* End PBXVariantGroup section */

/* Begin XCBuildConfiguration section */
		14BA6FDE2C2905EF0066E831 /* Debug */ = {
			isa = XCBuildConfiguration;
			buildSettings = {
				ALWAYS_SEARCH_USER_PATHS = NO;
				ASSETCATALOG_COMPILER_GENERATE_SWIFT_ASSET_SYMBOL_EXTENSIONS = YES;
				CLANG_ANALYZER_NONNULL = YES;
				CLANG_ANALYZER_NUMBER_OBJECT_CONVERSION = YES_AGGRESSIVE;
				CLANG_CXX_LANGUAGE_STANDARD = "gnu++20";
				CLANG_ENABLE_MODULES = YES;
				CLANG_ENABLE_OBJC_ARC = YES;
				CLANG_ENABLE_OBJC_WEAK = YES;
				CLANG_WARN_BLOCK_CAPTURE_AUTORELEASING = YES;
				CLANG_WARN_BOOL_CONVERSION = YES;
				CLANG_WARN_COMMA = YES;
				CLANG_WARN_CONSTANT_CONVERSION = YES;
				CLANG_WARN_DEPRECATED_OBJC_IMPLEMENTATIONS = YES;
				CLANG_WARN_DIRECT_OBJC_ISA_USAGE = YES_ERROR;
				CLANG_WARN_DOCUMENTATION_COMMENTS = YES;
				CLANG_WARN_EMPTY_BODY = YES;
				CLANG_WARN_ENUM_CONVERSION = YES;
				CLANG_WARN_INFINITE_RECURSION = YES;
				CLANG_WARN_INT_CONVERSION = YES;
				CLANG_WARN_NON_LITERAL_NULL_CONVERSION = YES;
				CLANG_WARN_OBJC_IMPLICIT_RETAIN_SELF = YES;
				CLANG_WARN_OBJC_LITERAL_CONVERSION = YES;
				CLANG_WARN_OBJC_ROOT_CLASS = YES_ERROR;
				CLANG_WARN_QUOTED_INCLUDE_IN_FRAMEWORK_HEADER = YES;
				CLANG_WARN_RANGE_LOOP_ANALYSIS = YES;
				CLANG_WARN_STRICT_PROTOTYPES = YES;
				CLANG_WARN_SUSPICIOUS_MOVE = YES;
				CLANG_WARN_UNGUARDED_AVAILABILITY = YES_AGGRESSIVE;
				CLANG_WARN_UNREACHABLE_CODE = YES;
				CLANG_WARN__DUPLICATE_METHOD_MATCH = YES;
				COPY_PHASE_STRIP = NO;
				DEBUG_INFORMATION_FORMAT = dwarf;
				ENABLE_STRICT_OBJC_MSGSEND = YES;
				ENABLE_TESTABILITY = YES;
				ENABLE_USER_SCRIPT_SANDBOXING = YES;
				GCC_C_LANGUAGE_STANDARD = gnu17;
				GCC_DYNAMIC_NO_PIC = NO;
				GCC_NO_COMMON_BLOCKS = YES;
				GCC_OPTIMIZATION_LEVEL = 0;
				GCC_PREPROCESSOR_DEFINITIONS = (
					"DEBUG=1",
					"$(inherited)",
				);
				GCC_WARN_64_TO_32_BIT_CONVERSION = YES;
				GCC_WARN_ABOUT_RETURN_TYPE = YES_ERROR;
				GCC_WARN_UNDECLARED_SELECTOR = YES;
				GCC_WARN_UNINITIALIZED_AUTOS = YES_AGGRESSIVE;
				GCC_WARN_UNUSED_FUNCTION = YES;
				GCC_WARN_UNUSED_VARIABLE = YES;
				IPHONEOS_DEPLOYMENT_TARGET = 17.0;
				LOCALIZATION_PREFERS_STRING_CATALOGS = YES;
				MTL_ENABLE_DEBUG_INFO = INCLUDE_SOURCE;
				MTL_FAST_MATH = YES;
				ONLY_ACTIVE_ARCH = YES;
				SDKROOT = iphoneos;
				SWIFT_ACTIVE_COMPILATION_CONDITIONS = "DEBUG $(inherited)";
				SWIFT_OPTIMIZATION_LEVEL = "-Onone";
			};
			name = Debug;
		};
		14BA6FDF2C2905EF0066E831 /* Release */ = {
			isa = XCBuildConfiguration;
			buildSettings = {
				ALWAYS_SEARCH_USER_PATHS = NO;
				ASSETCATALOG_COMPILER_GENERATE_SWIFT_ASSET_SYMBOL_EXTENSIONS = YES;
				CLANG_ANALYZER_NONNULL = YES;
				CLANG_ANALYZER_NUMBER_OBJECT_CONVERSION = YES_AGGRESSIVE;
				CLANG_CXX_LANGUAGE_STANDARD = "gnu++20";
				CLANG_ENABLE_MODULES = YES;
				CLANG_ENABLE_OBJC_ARC = YES;
				CLANG_ENABLE_OBJC_WEAK = YES;
				CLANG_WARN_BLOCK_CAPTURE_AUTORELEASING = YES;
				CLANG_WARN_BOOL_CONVERSION = YES;
				CLANG_WARN_COMMA = YES;
				CLANG_WARN_CONSTANT_CONVERSION = YES;
				CLANG_WARN_DEPRECATED_OBJC_IMPLEMENTATIONS = YES;
				CLANG_WARN_DIRECT_OBJC_ISA_USAGE = YES_ERROR;
				CLANG_WARN_DOCUMENTATION_COMMENTS = YES;
				CLANG_WARN_EMPTY_BODY = YES;
				CLANG_WARN_ENUM_CONVERSION = YES;
				CLANG_WARN_INFINITE_RECURSION = YES;
				CLANG_WARN_INT_CONVERSION = YES;
				CLANG_WARN_NON_LITERAL_NULL_CONVERSION = YES;
				CLANG_WARN_OBJC_IMPLICIT_RETAIN_SELF = YES;
				CLANG_WARN_OBJC_LITERAL_CONVERSION = YES;
				CLANG_WARN_OBJC_ROOT_CLASS = YES_ERROR;
				CLANG_WARN_QUOTED_INCLUDE_IN_FRAMEWORK_HEADER = YES;
				CLANG_WARN_RANGE_LOOP_ANALYSIS = YES;
				CLANG_WARN_STRICT_PROTOTYPES = YES;
				CLANG_WARN_SUSPICIOUS_MOVE = YES;
				CLANG_WARN_UNGUARDED_AVAILABILITY = YES_AGGRESSIVE;
				CLANG_WARN_UNREACHABLE_CODE = YES;
				CLANG_WARN__DUPLICATE_METHOD_MATCH = YES;
				COPY_PHASE_STRIP = NO;
				DEBUG_INFORMATION_FORMAT = "dwarf-with-dsym";
				ENABLE_NS_ASSERTIONS = NO;
				ENABLE_STRICT_OBJC_MSGSEND = YES;
				ENABLE_USER_SCRIPT_SANDBOXING = YES;
				GCC_C_LANGUAGE_STANDARD = gnu17;
				GCC_NO_COMMON_BLOCKS = YES;
				GCC_WARN_64_TO_32_BIT_CONVERSION = YES;
				GCC_WARN_ABOUT_RETURN_TYPE = YES_ERROR;
				GCC_WARN_UNDECLARED_SELECTOR = YES;
				GCC_WARN_UNINITIALIZED_AUTOS = YES_AGGRESSIVE;
				GCC_WARN_UNUSED_FUNCTION = YES;
				GCC_WARN_UNUSED_VARIABLE = YES;
				IPHONEOS_DEPLOYMENT_TARGET = 17.0;
				LOCALIZATION_PREFERS_STRING_CATALOGS = YES;
				MTL_ENABLE_DEBUG_INFO = NO;
				MTL_FAST_MATH = YES;
				SDKROOT = iphoneos;
				SWIFT_COMPILATION_MODE = wholemodule;
				VALIDATE_PRODUCT = YES;
			};
			name = Release;
		};
		14BA6FE12C2905EF0066E831 /* Debug */ = {
			isa = XCBuildConfiguration;
			buildSettings = {
				ASSETCATALOG_COMPILER_APPICON_NAME = AppIcon;
				ASSETCATALOG_COMPILER_GLOBAL_ACCENT_COLOR_NAME = AccentColor;
				CODE_SIGN_STYLE = Automatic;
				CURRENT_PROJECT_VERSION = 1;
				DEVELOPMENT_TEAM = 287ZL65P9C;
				GENERATE_INFOPLIST_FILE = YES;
				INFOPLIST_FILE = "swift-shopping/Info.plist";
				INFOPLIST_KEY_UIApplicationSupportsIndirectInputEvents = YES;
				INFOPLIST_KEY_UILaunchStoryboardName = LaunchScreen;
				INFOPLIST_KEY_UIMainStoryboardFile = Main;
				INFOPLIST_KEY_UISupportedInterfaceOrientations_iPad = "UIInterfaceOrientationPortrait UIInterfaceOrientationPortraitUpsideDown UIInterfaceOrientationLandscapeLeft UIInterfaceOrientationLandscapeRight";
				INFOPLIST_KEY_UISupportedInterfaceOrientations_iPhone = "UIInterfaceOrientationPortrait UIInterfaceOrientationLandscapeLeft UIInterfaceOrientationLandscapeRight";
				LD_RUNPATH_SEARCH_PATHS = (
					"$(inherited)",
					"@executable_path/Frameworks",
				);
				MARKETING_VERSION = 1.0;
				PRODUCT_BUNDLE_IDENTIFIER = "com.ctf.sales.swift-shopping";
				PRODUCT_NAME = "$(TARGET_NAME)";
				SWIFT_EMIT_LOC_STRINGS = YES;
				SWIFT_VERSION = 5.0;
				TARGETED_DEVICE_FAMILY = "1,2";
			};
			name = Debug;
		};
		14BA6FE22C2905EF0066E831 /* Release */ = {
			isa = XCBuildConfiguration;
			buildSettings = {
				ASSETCATALOG_COMPILER_APPICON_NAME = AppIcon;
				ASSETCATALOG_COMPILER_GLOBAL_ACCENT_COLOR_NAME = AccentColor;
				CODE_SIGN_STYLE = Automatic;
				CURRENT_PROJECT_VERSION = 1;
				DEVELOPMENT_TEAM = 287ZL65P9C;
				GENERATE_INFOPLIST_FILE = YES;
				INFOPLIST_FILE = "swift-shopping/Info.plist";
				INFOPLIST_KEY_UIApplicationSupportsIndirectInputEvents = YES;
				INFOPLIST_KEY_UILaunchStoryboardName = LaunchScreen;
				INFOPLIST_KEY_UIMainStoryboardFile = Main;
				INFOPLIST_KEY_UISupportedInterfaceOrientations_iPad = "UIInterfaceOrientationPortrait UIInterfaceOrientationPortraitUpsideDown UIInterfaceOrientationLandscapeLeft UIInterfaceOrientationLandscapeRight";
				INFOPLIST_KEY_UISupportedInterfaceOrientations_iPhone = "UIInterfaceOrientationPortrait UIInterfaceOrientationLandscapeLeft UIInterfaceOrientationLandscapeRight";
				LD_RUNPATH_SEARCH_PATHS = (
					"$(inherited)",
					"@executable_path/Frameworks",
				);
				MARKETING_VERSION = 1.0;
				PRODUCT_BUNDLE_IDENTIFIER = "com.ctf.sales.swift-shopping";
				PRODUCT_NAME = "$(TARGET_NAME)";
				SWIFT_EMIT_LOC_STRINGS = YES;
				SWIFT_VERSION = 5.0;
				TARGETED_DEVICE_FAMILY = "1,2";
			};
			name = Release;
		};
		14BA6FE42C2905EF0066E831 /* Debug */ = {
			isa = XCBuildConfiguration;
			buildSettings = {
				ALWAYS_EMBED_SWIFT_STANDARD_LIBRARIES = YES;
				BUNDLE_LOADER = "$(TEST_HOST)";
				CODE_SIGN_STYLE = Automatic;
				CURRENT_PROJECT_VERSION = 1;
				DEVELOPMENT_TEAM = 287ZL65P9C;
				GENERATE_INFOPLIST_FILE = YES;
				IPHONEOS_DEPLOYMENT_TARGET = 17.0;
				MARKETING_VERSION = 1.0;
				PRODUCT_BUNDLE_IDENTIFIER = "com.ctf.sales.swift-shoppingTests";
				PRODUCT_NAME = "$(TARGET_NAME)";
				SWIFT_EMIT_LOC_STRINGS = NO;
				SWIFT_VERSION = 5.0;
				TARGETED_DEVICE_FAMILY = "1,2";
				TEST_HOST = "$(BUILT_PRODUCTS_DIR)/swift-shopping.app/$(BUNDLE_EXECUTABLE_FOLDER_PATH)/swift-shopping";
			};
			name = Debug;
		};
		14BA6FE52C2905EF0066E831 /* Release */ = {
			isa = XCBuildConfiguration;
			buildSettings = {
				ALWAYS_EMBED_SWIFT_STANDARD_LIBRARIES = YES;
				BUNDLE_LOADER = "$(TEST_HOST)";
				CODE_SIGN_STYLE = Automatic;
				CURRENT_PROJECT_VERSION = 1;
				DEVELOPMENT_TEAM = 287ZL65P9C;
				GENERATE_INFOPLIST_FILE = YES;
				IPHONEOS_DEPLOYMENT_TARGET = 17.0;
				MARKETING_VERSION = 1.0;
				PRODUCT_BUNDLE_IDENTIFIER = "com.ctf.sales.swift-shoppingTests";
				PRODUCT_NAME = "$(TARGET_NAME)";
				SWIFT_EMIT_LOC_STRINGS = NO;
				SWIFT_VERSION = 5.0;
				TARGETED_DEVICE_FAMILY = "1,2";
				TEST_HOST = "$(BUILT_PRODUCTS_DIR)/swift-shopping.app/$(BUNDLE_EXECUTABLE_FOLDER_PATH)/swift-shopping";
			};
			name = Release;
		};
		14BA6FE72C2905EF0066E831 /* Debug */ = {
			isa = XCBuildConfiguration;
			buildSettings = {
				ALWAYS_EMBED_SWIFT_STANDARD_LIBRARIES = YES;
				CODE_SIGN_STYLE = Automatic;
				CURRENT_PROJECT_VERSION = 1;
				DEVELOPMENT_TEAM = 287ZL65P9C;
				GENERATE_INFOPLIST_FILE = YES;
				MARKETING_VERSION = 1.0;
				PRODUCT_BUNDLE_IDENTIFIER = "com.ctf.sales.swift-shoppingUITests";
				PRODUCT_NAME = "$(TARGET_NAME)";
				SWIFT_EMIT_LOC_STRINGS = NO;
				SWIFT_VERSION = 5.0;
				TARGETED_DEVICE_FAMILY = "1,2";
				TEST_TARGET_NAME = "swift-shopping";
			};
			name = Debug;
		};
		14BA6FE82C2905EF0066E831 /* Release */ = {
			isa = XCBuildConfiguration;
			buildSettings = {
				ALWAYS_EMBED_SWIFT_STANDARD_LIBRARIES = YES;
				CODE_SIGN_STYLE = Automatic;
				CURRENT_PROJECT_VERSION = 1;
				DEVELOPMENT_TEAM = 287ZL65P9C;
				GENERATE_INFOPLIST_FILE = YES;
				MARKETING_VERSION = 1.0;
				PRODUCT_BUNDLE_IDENTIFIER = "com.ctf.sales.swift-shoppingUITests";
				PRODUCT_NAME = "$(TARGET_NAME)";
				SWIFT_EMIT_LOC_STRINGS = NO;
				SWIFT_VERSION = 5.0;
				TARGETED_DEVICE_FAMILY = "1,2";
				TEST_TARGET_NAME = "swift-shopping";
			};
			name = Release;
		};
/* End XCBuildConfiguration section */

/* Begin XCConfigurationList section */
		14BA6FAE2C2905EC0066E831 /* Build configuration list for PBXProject "swift-shopping" */ = {
			isa = XCConfigurationList;
			buildConfigurations = (
				14BA6FDE2C2905EF0066E831 /* Debug */,
				14BA6FDF2C2905EF0066E831 /* Release */,
			);
			defaultConfigurationIsVisible = 0;
			defaultConfigurationName = Release;
		};
		14BA6FE02C2905EF0066E831 /* Build configuration list for PBXNativeTarget "swift-shopping" */ = {
			isa = XCConfigurationList;
			buildConfigurations = (
				14BA6FE12C2905EF0066E831 /* Debug */,
				14BA6FE22C2905EF0066E831 /* Release */,
			);
			defaultConfigurationIsVisible = 0;
			defaultConfigurationName = Release;
		};
		14BA6FE32C2905EF0066E831 /* Build configuration list for PBXNativeTarget "swift-shoppingTests" */ = {
			isa = XCConfigurationList;
			buildConfigurations = (
				14BA6FE42C2905EF0066E831 /* Debug */,
				14BA6FE52C2905EF0066E831 /* Release */,
			);
			defaultConfigurationIsVisible = 0;
			defaultConfigurationName = Release;
		};
		14BA6FE62C2905EF0066E831 /* Build configuration list for PBXNativeTarget "swift-shoppingUITests" */ = {
			isa = XCConfigurationList;
			buildConfigurations = (
				14BA6FE72C2905EF0066E831 /* Debug */,
				14BA6FE82C2905EF0066E831 /* Release */,
			);
			defaultConfigurationIsVisible = 0;
			defaultConfigurationName = Release;
		};
/* End XCConfigurationList section */

/* Begin XCVersionGroup section */
		14BA6FBF2C2905EC0066E831 /* swift_shopping.xcdatamodeld */ = {
			isa = XCVersionGroup;
			children = (
				14BA6FC02C2905EC0066E831 /* swift_shopping.xcdatamodel */,
			);
			currentVersion = 14BA6FC02C2905EC0066E831 /* swift_shopping.xcdatamodel */;
			path = swift_shopping.xcdatamodeld;
			sourceTree = "<group>";
			versionGroupType = wrapper.xcdatamodel;
		};
/* End XCVersionGroup section */
	};
	rootObject = 14BA6FAB2C2905EC0066E831 /* Project object */;
}
